// !$*UTF8*$!
{
	archiveVersion = 1;
	classes = {
	};
	objectVersion = 55;
	objects = {

/* Begin PBXBuildFile section */
		040C725A27E73B09008A268A /* LocalFilesService.swift in Sources */ = {isa = PBXBuildFile; fileRef = 040C725927E73B09008A268A /* LocalFilesService.swift */; };
		046EBE192800842000677839 /* MobileObservatory_CoreDataTests.swift in Sources */ = {isa = PBXBuildFile; fileRef = 046EBE182800842000677839 /* MobileObservatory_CoreDataTests.swift */; };
		04B2C16F27FEC65200F0C617 /* FlowCoordinatorProtocol.swift in Sources */ = {isa = PBXBuildFile; fileRef = 04B2C16E27FEC65200F0C617 /* FlowCoordinatorProtocol.swift */; };
		04B2C17127FEC68E00F0C617 /* MainFlowCoordinator.swift in Sources */ = {isa = PBXBuildFile; fileRef = 04B2C17027FEC68E00F0C617 /* MainFlowCoordinator.swift */; };
		04B2C17327FEC80F00F0C617 /* SavedPostsFlowCoordinator.swift in Sources */ = {isa = PBXBuildFile; fileRef = 04B2C17227FEC80F00F0C617 /* SavedPostsFlowCoordinator.swift */; };
		04B2C17B27FECE2B00F0C617 /* TabBarFlowCoordinatorProtocol.swift in Sources */ = {isa = PBXBuildFile; fileRef = 04B2C17A27FECE2B00F0C617 /* TabBarFlowCoordinatorProtocol.swift */; };
		04B2C18127FED10A00F0C617 /* SavedPostsModuleBuilder.swift in Sources */ = {isa = PBXBuildFile; fileRef = 04B2C18027FED10A00F0C617 /* SavedPostsModuleBuilder.swift */; };
		04B2C18327FED12600F0C617 /* ViewProtocols.swift in Sources */ = {isa = PBXBuildFile; fileRef = 04B2C18227FED12600F0C617 /* ViewProtocols.swift */; };
		04B2C18727FED1EA00F0C617 /* PresenterProtocols.swift in Sources */ = {isa = PBXBuildFile; fileRef = 04B2C18627FED1EA00F0C617 /* PresenterProtocols.swift */; };
		04B2C18927FED20300F0C617 /* Presenter.swift in Sources */ = {isa = PBXBuildFile; fileRef = 04B2C18827FED20300F0C617 /* Presenter.swift */; };
		04B2C18B27FED5D900F0C617 /* SavedPostsInteractor.swift in Sources */ = {isa = PBXBuildFile; fileRef = 04B2C18A27FED5D900F0C617 /* SavedPostsInteractor.swift */; };
		04B2C18E27FEEA8900F0C617 /* WeatherOnMarsInfo.swift in Sources */ = {isa = PBXBuildFile; fileRef = CF2F323827CD391B0043A12B /* WeatherOnMarsInfo.swift */; };
		04B2C18F27FEEA9600F0C617 /* NetworkService.swift in Sources */ = {isa = PBXBuildFile; fileRef = CF7EC6D627D533BF007197E6 /* NetworkService.swift */; };
		04B2C19027FEEAAA00F0C617 /* PictureOfDay.swift in Sources */ = {isa = PBXBuildFile; fileRef = CF2F323A27CD39710043A12B /* PictureOfDay.swift */; };
		04B2C19127FEEAAA00F0C617 /* PictureOfEarth.swift in Sources */ = {isa = PBXBuildFile; fileRef = CFEEA52D27D51A4000E05249 /* PictureOfEarth.swift */; };
		04B2C19527FF2B7800F0C617 /* SavedPostsViewController.swift in Sources */ = {isa = PBXBuildFile; fileRef = 04B2C18427FED14000F0C617 /* SavedPostsViewController.swift */; };
		04B2C19627FF2B7C00F0C617 /* ViewController.swift in Sources */ = {isa = PBXBuildFile; fileRef = 04B2C19327FF2A7E00F0C617 /* ViewController.swift */; };
		04B2C19827FF7F5300F0C617 /* MockService.swift in Sources */ = {isa = PBXBuildFile; fileRef = 04B2C19727FF7F5300F0C617 /* MockService.swift */; };
		04CF3D3327F0896300685553 /* PictureOfEarthEntity.swift in Sources */ = {isa = PBXBuildFile; fileRef = 04CF3D0F27F0896300685553 /* PictureOfEarthEntity.swift */; };
		04CF3D3527F0896300685553 /* PlanetEntity.swift in Sources */ = {isa = PBXBuildFile; fileRef = 04CF3D1127F0896300685553 /* PlanetEntity.swift */; };
		04CF3D3727F0896300685553 /* NearEarthAsteroidsEntity.swift in Sources */ = {isa = PBXBuildFile; fileRef = 04CF3D1327F0896300685553 /* NearEarthAsteroidsEntity.swift */; };
		04CF3D3927F0896300685553 /* SearchResultCollectionLinkEntity.swift in Sources */ = {isa = PBXBuildFile; fileRef = 04CF3D1527F0896300685553 /* SearchResultCollectionLinkEntity.swift */; };
		04CF3D3B27F0896300685553 /* SearchResultEntity.swift in Sources */ = {isa = PBXBuildFile; fileRef = 04CF3D1727F0896300685553 /* SearchResultEntity.swift */; };
		04CF3D3D27F0896300685553 /* PictureFromMarsEntity.swift in Sources */ = {isa = PBXBuildFile; fileRef = 04CF3D1927F0896300685553 /* PictureFromMarsEntity.swift */; };
		04CF3D3F27F0896300685553 /* SearchResultItemEntity.swift in Sources */ = {isa = PBXBuildFile; fileRef = 04CF3D1B27F0896300685553 /* SearchResultItemEntity.swift */; };
		04CF3D4127F0896300685553 /* MoonEntity.swift in Sources */ = {isa = PBXBuildFile; fileRef = 04CF3D1D27F0896300685553 /* MoonEntity.swift */; };
		04CF3D4327F0896300685553 /* ArticleEntity.swift in Sources */ = {isa = PBXBuildFile; fileRef = 04CF3D1F27F0896300685553 /* ArticleEntity.swift */; };
		04CF3D4527F0896300685553 /* WeatherOnMarsInfoEntity.swift in Sources */ = {isa = PBXBuildFile; fileRef = 04CF3D2127F0896300685553 /* WeatherOnMarsInfoEntity.swift */; };
		04CF3D4927F0896300685553 /* KeyWordEntity.swift in Sources */ = {isa = PBXBuildFile; fileRef = 04CF3D2527F0896300685553 /* KeyWordEntity.swift */; };
		04CF3D4B27F0896300685553 /* AsteroidEntity.swift in Sources */ = {isa = PBXBuildFile; fileRef = 04CF3D2727F0896300685553 /* AsteroidEntity.swift */; };
		04CF3D4D27F0896300685553 /* PictureOfDayEntity.swift in Sources */ = {isa = PBXBuildFile; fileRef = 04CF3D2927F0896300685553 /* PictureOfDayEntity.swift */; };
		04CF3D4F27F0896300685553 /* SearchResultItemLinkEntity.swift in Sources */ = {isa = PBXBuildFile; fileRef = 04CF3D2B27F0896300685553 /* SearchResultItemLinkEntity.swift */; };
		04CF3D5127F0896300685553 /* AlbumEntity.swift in Sources */ = {isa = PBXBuildFile; fileRef = 04CF3D2D27F0896300685553 /* AlbumEntity.swift */; };
		04CF3D5327F0896300685553 /* RoverEntity.swift in Sources */ = {isa = PBXBuildFile; fileRef = 04CF3D2F27F0896300685553 /* RoverEntity.swift */; };
		04CF3D5527F0896300685553 /* PicturesFromMarsCollectionEntity.swift in Sources */ = {isa = PBXBuildFile; fileRef = 04CF3D3127F0896300685553 /* PicturesFromMarsCollectionEntity.swift */; };
		04CF3D6127F1FE7A00685553 /* DatumEntity.swift in Sources */ = {isa = PBXBuildFile; fileRef = 04CF3D5F27F1FE7A00685553 /* DatumEntity.swift */; };
		04CFF39C27D560120066A8D2 /* CoreDataService.swift in Sources */ = {isa = PBXBuildFile; fileRef = 04CFF39B27D560120066A8D2 /* CoreDataService.swift */; };
		8E50F20BCD30923D250AC213 /* Pods_Mobile_Observatory.framework in Frameworks */ = {isa = PBXBuildFile; fileRef = DAD86718852AF9DDA447228E /* Pods_Mobile_Observatory.framework */; };
		CF1CB17C27EF33FE003FF24E /* Feed.storyboard in Resources */ = {isa = PBXBuildFile; fileRef = CF1CB17B27EF33FE003FF24E /* Feed.storyboard */; };
		CF1CB17F27EF3642003FF24E /* ArticleTableViewCell.swift in Sources */ = {isa = PBXBuildFile; fileRef = CF1CB17D27EF3642003FF24E /* ArticleTableViewCell.swift */; };
		CF1CB18027EF3642003FF24E /* ArticleTableViewCell.xib in Resources */ = {isa = PBXBuildFile; fileRef = CF1CB17E27EF3642003FF24E /* ArticleTableViewCell.xib */; };
		CF1CB18327EF3660003FF24E /* WeatherOnMarsTableViewCell.swift in Sources */ = {isa = PBXBuildFile; fileRef = CF1CB18127EF3660003FF24E /* WeatherOnMarsTableViewCell.swift */; };
		CF1CB18427EF3660003FF24E /* WeatherOnMarsTableViewCell.xib in Resources */ = {isa = PBXBuildFile; fileRef = CF1CB18227EF3660003FF24E /* WeatherOnMarsTableViewCell.xib */; };
		CF1CB18627EF5380003FF24E /* FeedViewController.swift in Sources */ = {isa = PBXBuildFile; fileRef = CF1CB18527EF5380003FF24E /* FeedViewController.swift */; };
		CF1CB18827F1A9E6003FF24E /* ArticleDetailViewController.swift in Sources */ = {isa = PBXBuildFile; fileRef = CF1CB18727F1A9E5003FF24E /* ArticleDetailViewController.swift */; };
		CF1CB18A27F1DEED003FF24E /* Post.swift in Sources */ = {isa = PBXBuildFile; fileRef = CF1CB18927F1DEED003FF24E /* Post.swift */; };
		CF1CB18C27F2E0FA003FF24E /* ArticleFetchController.swift in Sources */ = {isa = PBXBuildFile; fileRef = CF1CB18B27F2E0FA003FF24E /* ArticleFetchController.swift */; };
		CF2F321D27CD37BB0043A12B /* AppDelegate.swift in Sources */ = {isa = PBXBuildFile; fileRef = CF2F321C27CD37BB0043A12B /* AppDelegate.swift */; };
		CF2F321F27CD37BB0043A12B /* SceneDelegate.swift in Sources */ = {isa = PBXBuildFile; fileRef = CF2F321E27CD37BB0043A12B /* SceneDelegate.swift */; };
		CF2F322427CD37BB0043A12B /* Main.storyboard in Resources */ = {isa = PBXBuildFile; fileRef = CF2F322227CD37BB0043A12B /* Main.storyboard */; };
		CF2F322727CD37BB0043A12B /* Mobile_Observatory.xcdatamodeld in Sources */ = {isa = PBXBuildFile; fileRef = CF2F322527CD37BB0043A12B /* Mobile_Observatory.xcdatamodeld */; };
		CF2F322927CD37BD0043A12B /* Assets.xcassets in Resources */ = {isa = PBXBuildFile; fileRef = CF2F322827CD37BD0043A12B /* Assets.xcassets */; };
		CF2F322C27CD37BD0043A12B /* LaunchScreen.storyboard in Resources */ = {isa = PBXBuildFile; fileRef = CF2F322A27CD37BD0043A12B /* LaunchScreen.storyboard */; };
		CF2F323427CD37DE0043A12B /* .gitignore in Resources */ = {isa = PBXBuildFile; fileRef = CF2F323327CD37DE0043A12B /* .gitignore */; };
		CF2F323D27CD39BC0043A12B /* User.swift in Sources */ = {isa = PBXBuildFile; fileRef = CF2F323C27CD39BC0043A12B /* User.swift */; };
		CFEEA52A27D512F400E05249 /* Asteroid.swift in Sources */ = {isa = PBXBuildFile; fileRef = CFEEA52927D512F400E05249 /* Asteroid.swift */; };
		CFEEA53027D51C1300E05249 /* Planet.swift in Sources */ = {isa = PBXBuildFile; fileRef = CFEEA52F27D51C1300E05249 /* Planet.swift */; };
		CFEEA53227D5227300E05249 /* PictureFromMars.swift in Sources */ = {isa = PBXBuildFile; fileRef = CFEEA53127D5227300E05249 /* PictureFromMars.swift */; };
		CFEEA53427D5284200E05249 /* SearchResult.swift in Sources */ = {isa = PBXBuildFile; fileRef = CFEEA53327D5284200E05249 /* SearchResult.swift */; };
		CFEEA53627D52C7900E05249 /* Article.swift in Sources */ = {isa = PBXBuildFile; fileRef = CFEEA53527D52C7900E05249 /* Article.swift */; };
/* End PBXBuildFile section */

/* Begin PBXContainerItemProxy section */
		046EBE132800840800677839 /* PBXContainerItemProxy */ = {
			isa = PBXContainerItemProxy;
			containerPortal = CF2F321127CD37BB0043A12B /* Project object */;
			proxyType = 1;
			remoteGlobalIDString = CF2F321827CD37BB0043A12B;
			remoteInfo = "Mobile-Observatory";
		};
/* End PBXContainerItemProxy section */

/* Begin PBXFileReference section */
		040C725927E73B09008A268A /* LocalFilesService.swift */ = {isa = PBXFileReference; lastKnownFileType = sourcecode.swift; path = LocalFilesService.swift; sourceTree = "<group>"; };
		046EBDFA2800756D00677839 /* SwiftDate.framework */ = {isa = PBXFileReference; explicitFileType = wrapper.framework; path = SwiftDate.framework; sourceTree = BUILT_PRODUCTS_DIR; };
		046EBE012800765D00677839 /* Alamofire.framework */ = {isa = PBXFileReference; explicitFileType = wrapper.framework; path = Alamofire.framework; sourceTree = BUILT_PRODUCTS_DIR; };
		046EBE052800765D00677839 /* SnapKit.framework */ = {isa = PBXFileReference; explicitFileType = wrapper.framework; path = SnapKit.framework; sourceTree = BUILT_PRODUCTS_DIR; };
		046EBE072800765D00677839 /* SwiftDate.framework */ = {isa = PBXFileReference; explicitFileType = wrapper.framework; path = SwiftDate.framework; sourceTree = BUILT_PRODUCTS_DIR; };
		046EBE0928007C5600677839 /* SwiftDate.framework */ = {isa = PBXFileReference; explicitFileType = wrapper.framework; path = SwiftDate.framework; sourceTree = BUILT_PRODUCTS_DIR; };
		046EBE0F2800840800677839 /* Mobile-ObservatoryTests.xctest */ = {isa = PBXFileReference; explicitFileType = wrapper.cfbundle; includeInIndex = 0; path = "Mobile-ObservatoryTests.xctest"; sourceTree = BUILT_PRODUCTS_DIR; };
		046EBE182800842000677839 /* MobileObservatory_CoreDataTests.swift */ = {isa = PBXFileReference; fileEncoding = 4; lastKnownFileType = sourcecode.swift; path = MobileObservatory_CoreDataTests.swift; sourceTree = "<group>"; };
		046EBE1A280086AC00677839 /* SwiftDate.framework */ = {isa = PBXFileReference; explicitFileType = wrapper.framework; path = SwiftDate.framework; sourceTree = BUILT_PRODUCTS_DIR; };
		04B2C16E27FEC65200F0C617 /* FlowCoordinatorProtocol.swift */ = {isa = PBXFileReference; lastKnownFileType = sourcecode.swift; path = FlowCoordinatorProtocol.swift; sourceTree = "<group>"; };
		04B2C17027FEC68E00F0C617 /* MainFlowCoordinator.swift */ = {isa = PBXFileReference; lastKnownFileType = sourcecode.swift; path = MainFlowCoordinator.swift; sourceTree = "<group>"; };
		04B2C17227FEC80F00F0C617 /* SavedPostsFlowCoordinator.swift */ = {isa = PBXFileReference; lastKnownFileType = sourcecode.swift; path = SavedPostsFlowCoordinator.swift; sourceTree = "<group>"; };
		04B2C17A27FECE2B00F0C617 /* TabBarFlowCoordinatorProtocol.swift */ = {isa = PBXFileReference; lastKnownFileType = sourcecode.swift; path = TabBarFlowCoordinatorProtocol.swift; sourceTree = "<group>"; };
		04B2C18027FED10A00F0C617 /* SavedPostsModuleBuilder.swift */ = {isa = PBXFileReference; lastKnownFileType = sourcecode.swift; path = SavedPostsModuleBuilder.swift; sourceTree = "<group>"; };
		04B2C18227FED12600F0C617 /* ViewProtocols.swift */ = {isa = PBXFileReference; lastKnownFileType = sourcecode.swift; path = ViewProtocols.swift; sourceTree = "<group>"; };
		04B2C18427FED14000F0C617 /* SavedPostsViewController.swift */ = {isa = PBXFileReference; lastKnownFileType = sourcecode.swift; path = SavedPostsViewController.swift; sourceTree = "<group>"; };
		04B2C18627FED1EA00F0C617 /* PresenterProtocols.swift */ = {isa = PBXFileReference; lastKnownFileType = sourcecode.swift; path = PresenterProtocols.swift; sourceTree = "<group>"; };
		04B2C18827FED20300F0C617 /* Presenter.swift */ = {isa = PBXFileReference; lastKnownFileType = sourcecode.swift; path = Presenter.swift; sourceTree = "<group>"; };
		04B2C18A27FED5D900F0C617 /* SavedPostsInteractor.swift */ = {isa = PBXFileReference; lastKnownFileType = sourcecode.swift; path = SavedPostsInteractor.swift; sourceTree = "<group>"; };
		04B2C19327FF2A7E00F0C617 /* ViewController.swift */ = {isa = PBXFileReference; lastKnownFileType = sourcecode.swift; path = ViewController.swift; sourceTree = "<group>"; };
		04B2C19727FF7F5300F0C617 /* MockService.swift */ = {isa = PBXFileReference; lastKnownFileType = sourcecode.swift; path = MockService.swift; sourceTree = "<group>"; };
		04B2C1A628006D1C00F0C617 /* Alamofire.framework */ = {isa = PBXFileReference; explicitFileType = wrapper.framework; path = Alamofire.framework; sourceTree = BUILT_PRODUCTS_DIR; };
		04B2C1AA28006D1C00F0C617 /* SnapKit.framework */ = {isa = PBXFileReference; explicitFileType = wrapper.framework; path = SnapKit.framework; sourceTree = BUILT_PRODUCTS_DIR; };
		04B2C1AC28006D1C00F0C617 /* SwiftDate.framework */ = {isa = PBXFileReference; explicitFileType = wrapper.framework; path = SwiftDate.framework; sourceTree = BUILT_PRODUCTS_DIR; };
		04B2C1AE28006E9D00F0C617 /* Alamofire.framework */ = {isa = PBXFileReference; explicitFileType = wrapper.framework; path = Alamofire.framework; sourceTree = BUILT_PRODUCTS_DIR; };
		04B2C1B228006E9D00F0C617 /* SnapKit.framework */ = {isa = PBXFileReference; explicitFileType = wrapper.framework; path = SnapKit.framework; sourceTree = BUILT_PRODUCTS_DIR; };
		04B2C1B428006E9D00F0C617 /* SwiftDate.framework */ = {isa = PBXFileReference; explicitFileType = wrapper.framework; path = SwiftDate.framework; sourceTree = BUILT_PRODUCTS_DIR; };
		04CF3D0F27F0896300685553 /* PictureOfEarthEntity.swift */ = {isa = PBXFileReference; lastKnownFileType = sourcecode.swift; path = PictureOfEarthEntity.swift; sourceTree = "<group>"; };
		04CF3D1127F0896300685553 /* PlanetEntity.swift */ = {isa = PBXFileReference; lastKnownFileType = sourcecode.swift; path = PlanetEntity.swift; sourceTree = "<group>"; };
		04CF3D1327F0896300685553 /* NearEarthAsteroidsEntity.swift */ = {isa = PBXFileReference; lastKnownFileType = sourcecode.swift; path = NearEarthAsteroidsEntity.swift; sourceTree = "<group>"; };
		04CF3D1527F0896300685553 /* SearchResultCollectionLinkEntity.swift */ = {isa = PBXFileReference; lastKnownFileType = sourcecode.swift; path = SearchResultCollectionLinkEntity.swift; sourceTree = "<group>"; };
		04CF3D1727F0896300685553 /* SearchResultEntity.swift */ = {isa = PBXFileReference; lastKnownFileType = sourcecode.swift; path = SearchResultEntity.swift; sourceTree = "<group>"; };
		04CF3D1927F0896300685553 /* PictureFromMarsEntity.swift */ = {isa = PBXFileReference; lastKnownFileType = sourcecode.swift; path = PictureFromMarsEntity.swift; sourceTree = "<group>"; };
		04CF3D1B27F0896300685553 /* SearchResultItemEntity.swift */ = {isa = PBXFileReference; lastKnownFileType = sourcecode.swift; path = SearchResultItemEntity.swift; sourceTree = "<group>"; };
		04CF3D1D27F0896300685553 /* MoonEntity.swift */ = {isa = PBXFileReference; lastKnownFileType = sourcecode.swift; path = MoonEntity.swift; sourceTree = "<group>"; };
		04CF3D1F27F0896300685553 /* ArticleEntity.swift */ = {isa = PBXFileReference; lastKnownFileType = sourcecode.swift; path = ArticleEntity.swift; sourceTree = "<group>"; };
		04CF3D2127F0896300685553 /* WeatherOnMarsInfoEntity.swift */ = {isa = PBXFileReference; lastKnownFileType = sourcecode.swift; path = WeatherOnMarsInfoEntity.swift; sourceTree = "<group>"; };
		04CF3D2527F0896300685553 /* KeyWordEntity.swift */ = {isa = PBXFileReference; lastKnownFileType = sourcecode.swift; path = KeyWordEntity.swift; sourceTree = "<group>"; };
		04CF3D2727F0896300685553 /* AsteroidEntity.swift */ = {isa = PBXFileReference; lastKnownFileType = sourcecode.swift; path = AsteroidEntity.swift; sourceTree = "<group>"; };
		04CF3D2927F0896300685553 /* PictureOfDayEntity.swift */ = {isa = PBXFileReference; lastKnownFileType = sourcecode.swift; path = PictureOfDayEntity.swift; sourceTree = "<group>"; };
		04CF3D2B27F0896300685553 /* SearchResultItemLinkEntity.swift */ = {isa = PBXFileReference; lastKnownFileType = sourcecode.swift; path = SearchResultItemLinkEntity.swift; sourceTree = "<group>"; };
		04CF3D2D27F0896300685553 /* AlbumEntity.swift */ = {isa = PBXFileReference; lastKnownFileType = sourcecode.swift; path = AlbumEntity.swift; sourceTree = "<group>"; };
		04CF3D2F27F0896300685553 /* RoverEntity.swift */ = {isa = PBXFileReference; lastKnownFileType = sourcecode.swift; path = RoverEntity.swift; sourceTree = "<group>"; };
		04CF3D3127F0896300685553 /* PicturesFromMarsCollectionEntity.swift */ = {isa = PBXFileReference; lastKnownFileType = sourcecode.swift; path = PicturesFromMarsCollectionEntity.swift; sourceTree = "<group>"; };
		04CF3D5F27F1FE7A00685553 /* DatumEntity.swift */ = {isa = PBXFileReference; lastKnownFileType = sourcecode.swift; path = DatumEntity.swift; sourceTree = "<group>"; };
		04CFF39B27D560120066A8D2 /* CoreDataService.swift */ = {isa = PBXFileReference; lastKnownFileType = sourcecode.swift; path = CoreDataService.swift; sourceTree = "<group>"; };
		CF1CB17B27EF33FE003FF24E /* Feed.storyboard */ = {isa = PBXFileReference; lastKnownFileType = file.storyboard; path = Feed.storyboard; sourceTree = "<group>"; };
		CF1CB17D27EF3642003FF24E /* ArticleTableViewCell.swift */ = {isa = PBXFileReference; lastKnownFileType = sourcecode.swift; path = ArticleTableViewCell.swift; sourceTree = "<group>"; };
		CF1CB17E27EF3642003FF24E /* ArticleTableViewCell.xib */ = {isa = PBXFileReference; lastKnownFileType = file.xib; path = ArticleTableViewCell.xib; sourceTree = "<group>"; };
		CF1CB18127EF3660003FF24E /* WeatherOnMarsTableViewCell.swift */ = {isa = PBXFileReference; lastKnownFileType = sourcecode.swift; path = WeatherOnMarsTableViewCell.swift; sourceTree = "<group>"; };
		CF1CB18227EF3660003FF24E /* WeatherOnMarsTableViewCell.xib */ = {isa = PBXFileReference; lastKnownFileType = file.xib; path = WeatherOnMarsTableViewCell.xib; sourceTree = "<group>"; };
		CF1CB18527EF5380003FF24E /* FeedViewController.swift */ = {isa = PBXFileReference; lastKnownFileType = sourcecode.swift; path = FeedViewController.swift; sourceTree = "<group>"; };
		CF1CB18727F1A9E5003FF24E /* ArticleDetailViewController.swift */ = {isa = PBXFileReference; lastKnownFileType = sourcecode.swift; path = ArticleDetailViewController.swift; sourceTree = "<group>"; };
		CF1CB18927F1DEED003FF24E /* Post.swift */ = {isa = PBXFileReference; lastKnownFileType = sourcecode.swift; path = Post.swift; sourceTree = "<group>"; };
		CF1CB18B27F2E0FA003FF24E /* ArticleFetchController.swift */ = {isa = PBXFileReference; lastKnownFileType = sourcecode.swift; path = ArticleFetchController.swift; sourceTree = "<group>"; };
		CF2F321927CD37BB0043A12B /* Mobile-Observatory.app */ = {isa = PBXFileReference; explicitFileType = wrapper.application; includeInIndex = 0; path = "Mobile-Observatory.app"; sourceTree = BUILT_PRODUCTS_DIR; };
		CF2F321C27CD37BB0043A12B /* AppDelegate.swift */ = {isa = PBXFileReference; lastKnownFileType = sourcecode.swift; path = AppDelegate.swift; sourceTree = "<group>"; };
		CF2F321E27CD37BB0043A12B /* SceneDelegate.swift */ = {isa = PBXFileReference; lastKnownFileType = sourcecode.swift; path = SceneDelegate.swift; sourceTree = "<group>"; };
		CF2F322327CD37BB0043A12B /* Base */ = {isa = PBXFileReference; lastKnownFileType = file.storyboard; name = Base; path = Base.lproj/Main.storyboard; sourceTree = "<group>"; };
		CF2F322627CD37BB0043A12B /* Mobile_Observatory.xcdatamodel */ = {isa = PBXFileReference; lastKnownFileType = wrapper.xcdatamodel; path = Mobile_Observatory.xcdatamodel; sourceTree = "<group>"; };
		CF2F322827CD37BD0043A12B /* Assets.xcassets */ = {isa = PBXFileReference; lastKnownFileType = folder.assetcatalog; path = Assets.xcassets; sourceTree = "<group>"; };
		CF2F322B27CD37BD0043A12B /* Base */ = {isa = PBXFileReference; lastKnownFileType = file.storyboard; name = Base; path = Base.lproj/LaunchScreen.storyboard; sourceTree = "<group>"; };
		CF2F322D27CD37BD0043A12B /* Info.plist */ = {isa = PBXFileReference; lastKnownFileType = text.plist.xml; path = Info.plist; sourceTree = "<group>"; };
		CF2F323327CD37DE0043A12B /* .gitignore */ = {isa = PBXFileReference; lastKnownFileType = text; path = .gitignore; sourceTree = "<group>"; };
		CF2F323827CD391B0043A12B /* WeatherOnMarsInfo.swift */ = {isa = PBXFileReference; lastKnownFileType = sourcecode.swift; path = WeatherOnMarsInfo.swift; sourceTree = "<group>"; };
		CF2F323A27CD39710043A12B /* PictureOfDay.swift */ = {isa = PBXFileReference; lastKnownFileType = sourcecode.swift; path = PictureOfDay.swift; sourceTree = "<group>"; };
		CF2F323C27CD39BC0043A12B /* User.swift */ = {isa = PBXFileReference; lastKnownFileType = sourcecode.swift; path = User.swift; sourceTree = "<group>"; };
		CF7EC6D627D533BF007197E6 /* NetworkService.swift */ = {isa = PBXFileReference; lastKnownFileType = sourcecode.swift; path = NetworkService.swift; sourceTree = "<group>"; };
		CFEEA52927D512F400E05249 /* Asteroid.swift */ = {isa = PBXFileReference; lastKnownFileType = sourcecode.swift; path = Asteroid.swift; sourceTree = "<group>"; };
		CFEEA52D27D51A4000E05249 /* PictureOfEarth.swift */ = {isa = PBXFileReference; lastKnownFileType = sourcecode.swift; path = PictureOfEarth.swift; sourceTree = "<group>"; };
		CFEEA52F27D51C1300E05249 /* Planet.swift */ = {isa = PBXFileReference; lastKnownFileType = sourcecode.swift; path = Planet.swift; sourceTree = "<group>"; };
		CFEEA53127D5227300E05249 /* PictureFromMars.swift */ = {isa = PBXFileReference; lastKnownFileType = sourcecode.swift; path = PictureFromMars.swift; sourceTree = "<group>"; };
		CFEEA53327D5284200E05249 /* SearchResult.swift */ = {isa = PBXFileReference; lastKnownFileType = sourcecode.swift; path = SearchResult.swift; sourceTree = "<group>"; };
		CFEEA53527D52C7900E05249 /* Article.swift */ = {isa = PBXFileReference; lastKnownFileType = sourcecode.swift; path = Article.swift; sourceTree = "<group>"; };
		DAD86718852AF9DDA447228E /* Pods_Mobile_Observatory.framework */ = {isa = PBXFileReference; explicitFileType = wrapper.framework; includeInIndex = 0; path = Pods_Mobile_Observatory.framework; sourceTree = BUILT_PRODUCTS_DIR; };
		F4C77B71945E5966CC951116 /* Pods-Mobile-Observatory.release.xcconfig */ = {isa = PBXFileReference; includeInIndex = 1; lastKnownFileType = text.xcconfig; name = "Pods-Mobile-Observatory.release.xcconfig"; path = "Target Support Files/Pods-Mobile-Observatory/Pods-Mobile-Observatory.release.xcconfig"; sourceTree = "<group>"; };
		FD9CFD336C23C209E7F57302 /* Pods-Mobile-Observatory.debug.xcconfig */ = {isa = PBXFileReference; includeInIndex = 1; lastKnownFileType = text.xcconfig; name = "Pods-Mobile-Observatory.debug.xcconfig"; path = "Target Support Files/Pods-Mobile-Observatory/Pods-Mobile-Observatory.debug.xcconfig"; sourceTree = "<group>"; };
/* End PBXFileReference section */

/* Begin PBXFrameworksBuildPhase section */
		046EBE0C2800840800677839 /* Frameworks */ = {
			isa = PBXFrameworksBuildPhase;
			buildActionMask = 2147483647;
			files = (
			);
			runOnlyForDeploymentPostprocessing = 0;
		};
		CF2F321627CD37BB0043A12B /* Frameworks */ = {
			isa = PBXFrameworksBuildPhase;
			buildActionMask = 2147483647;
			files = (
				8E50F20BCD30923D250AC213 /* Pods_Mobile_Observatory.framework in Frameworks */,
			);
			runOnlyForDeploymentPostprocessing = 0;
		};
/* End PBXFrameworksBuildPhase section */

/* Begin PBXGroup section */
		046EBE102800840800677839 /* Mobile-ObservatoryTests */ = {
			isa = PBXGroup;
			children = (
				046EBE182800842000677839 /* MobileObservatory_CoreDataTests.swift */,
			);
			path = "Mobile-ObservatoryTests";
			sourceTree = "<group>";
		};
		049EB8CD280C00110088C7B5 /* Interactor */ = {
			isa = PBXGroup;
			children = (
				04B2C18A27FED5D900F0C617 /* SavedPostsInteractor.swift */,
			);
			path = Interactor;
			sourceTree = "<group>";
		};
		04B2C16D27FEC63200F0C617 /* FlowCoordinators */ = {
			isa = PBXGroup;
			children = (
				04B2C16E27FEC65200F0C617 /* FlowCoordinatorProtocol.swift */,
				04B2C17027FEC68E00F0C617 /* MainFlowCoordinator.swift */,
				04B2C17A27FECE2B00F0C617 /* TabBarFlowCoordinatorProtocol.swift */,
			);
			path = FlowCoordinators;
			sourceTree = "<group>";
		};
		04B2C17427FEC99200F0C617 /* SavedPostsModule */ = {
			isa = PBXGroup;
			children = (
				049EB8CD280C00110088C7B5 /* Interactor */,
				04B2C17F27FED0DA00F0C617 /* View */,
				04B2C17E27FED0D500F0C617 /* Presenter */,
				04B2C18027FED10A00F0C617 /* SavedPostsModuleBuilder.swift */,
				04B2C17227FEC80F00F0C617 /* SavedPostsFlowCoordinator.swift */,
			);
			path = SavedPostsModule;
			sourceTree = "<group>";
		};
		04B2C17927FECDE000F0C617 /* Modules */ = {
			isa = PBXGroup;
			children = (
				04B2C17427FEC99200F0C617 /* SavedPostsModule */,
			);
			path = Modules;
			sourceTree = "<group>";
		};
		04B2C17E27FED0D500F0C617 /* Presenter */ = {
			isa = PBXGroup;
			children = (
				04B2C18627FED1EA00F0C617 /* PresenterProtocols.swift */,
				04B2C18827FED20300F0C617 /* Presenter.swift */,
			);
			path = Presenter;
			sourceTree = "<group>";
		};
		04B2C17F27FED0DA00F0C617 /* View */ = {
			isa = PBXGroup;
			children = (
				04B2C18227FED12600F0C617 /* ViewProtocols.swift */,
				04B2C18427FED14000F0C617 /* SavedPostsViewController.swift */,
			);
			path = View;
			sourceTree = "<group>";
		};
		04CFF39D27D5DD150066A8D2 /* CoreDataEntities */ = {
			isa = PBXGroup;
			children = (
				04CF3D5F27F1FE7A00685553 /* DatumEntity.swift */,
				04CF3D0F27F0896300685553 /* PictureOfEarthEntity.swift */,
				04CF3D1127F0896300685553 /* PlanetEntity.swift */,
				04CF3D1327F0896300685553 /* NearEarthAsteroidsEntity.swift */,
				04CF3D1527F0896300685553 /* SearchResultCollectionLinkEntity.swift */,
				04CF3D1727F0896300685553 /* SearchResultEntity.swift */,
				04CF3D1927F0896300685553 /* PictureFromMarsEntity.swift */,
				04CF3D1B27F0896300685553 /* SearchResultItemEntity.swift */,
				04CF3D1D27F0896300685553 /* MoonEntity.swift */,
				04CF3D1F27F0896300685553 /* ArticleEntity.swift */,
				04CF3D2127F0896300685553 /* WeatherOnMarsInfoEntity.swift */,
				04CF3D2527F0896300685553 /* KeyWordEntity.swift */,
				04CF3D2727F0896300685553 /* AsteroidEntity.swift */,
				04CF3D2927F0896300685553 /* PictureOfDayEntity.swift */,
				04CF3D2B27F0896300685553 /* SearchResultItemLinkEntity.swift */,
				04CF3D2D27F0896300685553 /* AlbumEntity.swift */,
				04CF3D2F27F0896300685553 /* RoverEntity.swift */,
				04CF3D3127F0896300685553 /* PicturesFromMarsCollectionEntity.swift */,
			);
			path = CoreDataEntities;
			sourceTree = "<group>";
		};
		A18BE7EA8F7860684BF03236 /* Pods */ = {
			isa = PBXGroup;
			children = (
				FD9CFD336C23C209E7F57302 /* Pods-Mobile-Observatory.debug.xcconfig */,
				F4C77B71945E5966CC951116 /* Pods-Mobile-Observatory.release.xcconfig */,
			);
			path = Pods;
			sourceTree = "<group>";
		};
		C2A3EDD549A83B67BDEBF8D7 /* Frameworks */ = {
			isa = PBXGroup;
			children = (
				046EBE1A280086AC00677839 /* SwiftDate.framework */,
				046EBE0928007C5600677839 /* SwiftDate.framework */,
				046EBE012800765D00677839 /* Alamofire.framework */,
				046EBE052800765D00677839 /* SnapKit.framework */,
				046EBE072800765D00677839 /* SwiftDate.framework */,
				046EBDFA2800756D00677839 /* SwiftDate.framework */,
				04B2C1AE28006E9D00F0C617 /* Alamofire.framework */,
				04B2C1B228006E9D00F0C617 /* SnapKit.framework */,
				04B2C1B428006E9D00F0C617 /* SwiftDate.framework */,
				04B2C1A628006D1C00F0C617 /* Alamofire.framework */,
				04B2C1AA28006D1C00F0C617 /* SnapKit.framework */,
				04B2C1AC28006D1C00F0C617 /* SwiftDate.framework */,
				DAD86718852AF9DDA447228E /* Pods_Mobile_Observatory.framework */,
			);
			name = Frameworks;
			sourceTree = "<group>";
		};
		CF2F321027CD37BB0043A12B = {
			isa = PBXGroup;
			children = (
				CF2F323327CD37DE0043A12B /* .gitignore */,
				CF2F321B27CD37BB0043A12B /* Mobile-Observatory */,
				046EBE102800840800677839 /* Mobile-ObservatoryTests */,
				CF2F321A27CD37BB0043A12B /* Products */,
				A18BE7EA8F7860684BF03236 /* Pods */,
				C2A3EDD549A83B67BDEBF8D7 /* Frameworks */,
			);
			sourceTree = "<group>";
		};
		CF2F321A27CD37BB0043A12B /* Products */ = {
			isa = PBXGroup;
			children = (
				CF2F321927CD37BB0043A12B /* Mobile-Observatory.app */,
				046EBE0F2800840800677839 /* Mobile-ObservatoryTests.xctest */,
			);
			name = Products;
			sourceTree = "<group>";
		};
		CF2F321B27CD37BB0043A12B /* Mobile-Observatory */ = {
			isa = PBXGroup;
			children = (
				04B2C17927FECDE000F0C617 /* Modules */,
				04B2C16D27FEC63200F0C617 /* FlowCoordinators */,
				CF1CB17B27EF33FE003FF24E /* Feed.storyboard */,
				CF2F324027CD3A830043A12B /* Controllers */,
				CF2F323F27CD39DE0043A12B /* Services */,
				CF2F323527CD38A00043A12B /* Entities */,
				CF2F321C27CD37BB0043A12B /* AppDelegate.swift */,
				CF2F321E27CD37BB0043A12B /* SceneDelegate.swift */,
				CF2F322227CD37BB0043A12B /* Main.storyboard */,
				CF2F322827CD37BD0043A12B /* Assets.xcassets */,
				CF2F322A27CD37BD0043A12B /* LaunchScreen.storyboard */,
				CF2F322D27CD37BD0043A12B /* Info.plist */,
				CF2F322527CD37BB0043A12B /* Mobile_Observatory.xcdatamodeld */,
				CF1CB17D27EF3642003FF24E /* ArticleTableViewCell.swift */,
				CF1CB17E27EF3642003FF24E /* ArticleTableViewCell.xib */,
				CF1CB18127EF3660003FF24E /* WeatherOnMarsTableViewCell.swift */,
				CF1CB18227EF3660003FF24E /* WeatherOnMarsTableViewCell.xib */,
				04B2C19327FF2A7E00F0C617 /* ViewController.swift */,
			);
			path = "Mobile-Observatory";
			sourceTree = "<group>";
		};
		CF2F323527CD38A00043A12B /* Entities */ = {
			isa = PBXGroup;
			children = (
				04CFF39D27D5DD150066A8D2 /* CoreDataEntities */,
				CF2F323E27CD39C30043A12B /* Feed */,
				CF2F323C27CD39BC0043A12B /* User.swift */,
			);
			path = Entities;
			sourceTree = "<group>";
		};
		CF2F323E27CD39C30043A12B /* Feed */ = {
			isa = PBXGroup;
			children = (
				CF2F323827CD391B0043A12B /* WeatherOnMarsInfo.swift */,
				CF2F323A27CD39710043A12B /* PictureOfDay.swift */,
				CFEEA52927D512F400E05249 /* Asteroid.swift */,
				CFEEA53127D5227300E05249 /* PictureFromMars.swift */,
				CFEEA52D27D51A4000E05249 /* PictureOfEarth.swift */,
				CFEEA52F27D51C1300E05249 /* Planet.swift */,
				CFEEA53327D5284200E05249 /* SearchResult.swift */,
				CFEEA53527D52C7900E05249 /* Article.swift */,
				CF1CB18927F1DEED003FF24E /* Post.swift */,
			);
			path = Feed;
			sourceTree = "<group>";
		};
		CF2F323F27CD39DE0043A12B /* Services */ = {
			isa = PBXGroup;
			children = (
				04CFF39B27D560120066A8D2 /* CoreDataService.swift */,
				040C725927E73B09008A268A /* LocalFilesService.swift */,
				CF7EC6D627D533BF007197E6 /* NetworkService.swift */,
				04B2C19727FF7F5300F0C617 /* MockService.swift */,
			);
			path = Services;
			sourceTree = "<group>";
		};
		CF2F324027CD3A830043A12B /* Controllers */ = {
			isa = PBXGroup;
			children = (
				CF1CB18727F1A9E5003FF24E /* ArticleDetailViewController.swift */,
				CF1CB18527EF5380003FF24E /* FeedViewController.swift */,
				CF1CB18B27F2E0FA003FF24E /* ArticleFetchController.swift */,
			);
			path = Controllers;
			sourceTree = "<group>";
		};
/* End PBXGroup section */

/* Begin PBXNativeTarget section */
		046EBE0E2800840800677839 /* Mobile-ObservatoryTests */ = {
			isa = PBXNativeTarget;
			buildConfigurationList = 046EBE152800840800677839 /* Build configuration list for PBXNativeTarget "Mobile-ObservatoryTests" */;
			buildPhases = (
				046EBE0B2800840800677839 /* Sources */,
				046EBE0C2800840800677839 /* Frameworks */,
				046EBE0D2800840800677839 /* Resources */,
			);
			buildRules = (
			);
			dependencies = (
				046EBE142800840800677839 /* PBXTargetDependency */,
			);
			name = "Mobile-ObservatoryTests";
			productName = "Mobile-ObservatoryTests";
			productReference = 046EBE0F2800840800677839 /* Mobile-ObservatoryTests.xctest */;
			productType = "com.apple.product-type.bundle.unit-test";
		};
		CF2F321827CD37BB0043A12B /* Mobile-Observatory */ = {
			isa = PBXNativeTarget;
			buildConfigurationList = CF2F323027CD37BD0043A12B /* Build configuration list for PBXNativeTarget "Mobile-Observatory" */;
			buildPhases = (
				8539E55D34F6AB75178A1DE8 /* [CP] Check Pods Manifest.lock */,
				CF2F321527CD37BB0043A12B /* Sources */,
				CF2F321627CD37BB0043A12B /* Frameworks */,
				CF2F321727CD37BB0043A12B /* Resources */,
				5C90FE5CA864E2C3859A1BDF /* [CP] Embed Pods Frameworks */,
			);
			buildRules = (
			);
			dependencies = (
			);
			name = "Mobile-Observatory";
			productName = "Mobile-Observatory";
			productReference = CF2F321927CD37BB0043A12B /* Mobile-Observatory.app */;
			productType = "com.apple.product-type.application";
		};
/* End PBXNativeTarget section */

/* Begin PBXProject section */
		CF2F321127CD37BB0043A12B /* Project object */ = {
			isa = PBXProject;
			attributes = {
				BuildIndependentTargetsInParallel = 1;
				LastSwiftUpdateCheck = 1310;
				LastUpgradeCheck = 1320;
				TargetAttributes = {
					046EBE0E2800840800677839 = {
						CreatedOnToolsVersion = 13.1;
						TestTargetID = CF2F321827CD37BB0043A12B;
					};
					CF2F321827CD37BB0043A12B = {
						CreatedOnToolsVersion = 13.2.1;
					};
				};
			};
			buildConfigurationList = CF2F321427CD37BB0043A12B /* Build configuration list for PBXProject "Mobile-Observatory" */;
			compatibilityVersion = "Xcode 13.0";
			developmentRegion = en;
			hasScannedForEncodings = 0;
			knownRegions = (
				en,
				Base,
			);
			mainGroup = CF2F321027CD37BB0043A12B;
			productRefGroup = CF2F321A27CD37BB0043A12B /* Products */;
			projectDirPath = "";
			projectRoot = "";
			targets = (
				CF2F321827CD37BB0043A12B /* Mobile-Observatory */,
				046EBE0E2800840800677839 /* Mobile-ObservatoryTests */,
			);
		};
/* End PBXProject section */

/* Begin PBXResourcesBuildPhase section */
		046EBE0D2800840800677839 /* Resources */ = {
			isa = PBXResourcesBuildPhase;
			buildActionMask = 2147483647;
			files = (
			);
			runOnlyForDeploymentPostprocessing = 0;
		};
		CF2F321727CD37BB0043A12B /* Resources */ = {
			isa = PBXResourcesBuildPhase;
			buildActionMask = 2147483647;
			files = (
				CF1CB17C27EF33FE003FF24E /* Feed.storyboard in Resources */,
				CF2F323427CD37DE0043A12B /* .gitignore in Resources */,
				CF2F322C27CD37BD0043A12B /* LaunchScreen.storyboard in Resources */,
				CF2F322927CD37BD0043A12B /* Assets.xcassets in Resources */,
				CF1CB18427EF3660003FF24E /* WeatherOnMarsTableViewCell.xib in Resources */,
				CF1CB18027EF3642003FF24E /* ArticleTableViewCell.xib in Resources */,
				CF2F322427CD37BB0043A12B /* Main.storyboard in Resources */,
			);
			runOnlyForDeploymentPostprocessing = 0;
		};
/* End PBXResourcesBuildPhase section */

/* Begin PBXShellScriptBuildPhase section */
		5C90FE5CA864E2C3859A1BDF /* [CP] Embed Pods Frameworks */ = {
			isa = PBXShellScriptBuildPhase;
			buildActionMask = 2147483647;
			files = (
			);
			inputFileListPaths = (
				"${PODS_ROOT}/Target Support Files/Pods-Mobile-Observatory/Pods-Mobile-Observatory-frameworks-${CONFIGURATION}-input-files.xcfilelist",
			);
			name = "[CP] Embed Pods Frameworks";
			outputFileListPaths = (
				"${PODS_ROOT}/Target Support Files/Pods-Mobile-Observatory/Pods-Mobile-Observatory-frameworks-${CONFIGURATION}-output-files.xcfilelist",
			);
			runOnlyForDeploymentPostprocessing = 0;
			shellPath = /bin/sh;
			shellScript = "\"${PODS_ROOT}/Target Support Files/Pods-Mobile-Observatory/Pods-Mobile-Observatory-frameworks.sh\"\n";
			showEnvVarsInLog = 0;
		};
		8539E55D34F6AB75178A1DE8 /* [CP] Check Pods Manifest.lock */ = {
			isa = PBXShellScriptBuildPhase;
			buildActionMask = 2147483647;
			files = (
			);
			inputFileListPaths = (
			);
			inputPaths = (
				"${PODS_PODFILE_DIR_PATH}/Podfile.lock",
				"${PODS_ROOT}/Manifest.lock",
			);
			name = "[CP] Check Pods Manifest.lock";
			outputFileListPaths = (
			);
			outputPaths = (
				"$(DERIVED_FILE_DIR)/Pods-Mobile-Observatory-checkManifestLockResult.txt",
			);
			runOnlyForDeploymentPostprocessing = 0;
			shellPath = /bin/sh;
			shellScript = "diff \"${PODS_PODFILE_DIR_PATH}/Podfile.lock\" \"${PODS_ROOT}/Manifest.lock\" > /dev/null\nif [ $? != 0 ] ; then\n    # print error to STDERR\n    echo \"error: The sandbox is not in sync with the Podfile.lock. Run 'pod install' or update your CocoaPods installation.\" >&2\n    exit 1\nfi\n# This output is used by Xcode 'outputs' to avoid re-running this script phase.\necho \"SUCCESS\" > \"${SCRIPT_OUTPUT_FILE_0}\"\n";
			showEnvVarsInLog = 0;
		};
/* End PBXShellScriptBuildPhase section */

/* Begin PBXSourcesBuildPhase section */
		046EBE0B2800840800677839 /* Sources */ = {
			isa = PBXSourcesBuildPhase;
			buildActionMask = 2147483647;
			files = (
				046EBE192800842000677839 /* MobileObservatory_CoreDataTests.swift in Sources */,
			);
			runOnlyForDeploymentPostprocessing = 0;
		};
		CF2F321527CD37BB0043A12B /* Sources */ = {
			isa = PBXSourcesBuildPhase;
			buildActionMask = 2147483647;
			files = (
				04B2C19627FF2B7C00F0C617 /* ViewController.swift in Sources */,
				04B2C19527FF2B7800F0C617 /* SavedPostsViewController.swift in Sources */,
				04B2C19027FEEAAA00F0C617 /* PictureOfDay.swift in Sources */,
				04B2C19127FEEAAA00F0C617 /* PictureOfEarth.swift in Sources */,
				04B2C18F27FEEA9600F0C617 /* NetworkService.swift in Sources */,
				04B2C18E27FEEA8900F0C617 /* WeatherOnMarsInfo.swift in Sources */,
				04CF3D5527F0896300685553 /* PicturesFromMarsCollectionEntity.swift in Sources */,
				04B2C18927FED20300F0C617 /* Presenter.swift in Sources */,
				CF2F321D27CD37BB0043A12B /* AppDelegate.swift in Sources */,
				04CF3D3727F0896300685553 /* NearEarthAsteroidsEntity.swift in Sources */,
				04CF3D4527F0896300685553 /* WeatherOnMarsInfoEntity.swift in Sources */,
				04B2C17127FEC68E00F0C617 /* MainFlowCoordinator.swift in Sources */,
				CFEEA53027D51C1300E05249 /* Planet.swift in Sources */,
				04CFF39C27D560120066A8D2 /* CoreDataService.swift in Sources */,
				04B2C19827FF7F5300F0C617 /* MockService.swift in Sources */,
				04B2C17B27FECE2B00F0C617 /* TabBarFlowCoordinatorProtocol.swift in Sources */,
				04CF3D4127F0896300685553 /* MoonEntity.swift in Sources */,
				CF2F322727CD37BB0043A12B /* Mobile_Observatory.xcdatamodeld in Sources */,
				CF2F321F27CD37BB0043A12B /* SceneDelegate.swift in Sources */,
				CFEEA52A27D512F400E05249 /* Asteroid.swift in Sources */,
				04CF3D4927F0896300685553 /* KeyWordEntity.swift in Sources */,
				CF2F323D27CD39BC0043A12B /* User.swift in Sources */,
				04B2C18727FED1EA00F0C617 /* PresenterProtocols.swift in Sources */,
				04CF3D3527F0896300685553 /* PlanetEntity.swift in Sources */,
				04CF3D3D27F0896300685553 /* PictureFromMarsEntity.swift in Sources */,
				04B2C16F27FEC65200F0C617 /* FlowCoordinatorProtocol.swift in Sources */,
				CFEEA53427D5284200E05249 /* SearchResult.swift in Sources */,
				04CF3D4327F0896300685553 /* ArticleEntity.swift in Sources */,
				04B2C18127FED10A00F0C617 /* SavedPostsModuleBuilder.swift in Sources */,
				04CF3D5327F0896300685553 /* RoverEntity.swift in Sources */,
				04B2C18327FED12600F0C617 /* ViewProtocols.swift in Sources */,
				04CF3D5127F0896300685553 /* AlbumEntity.swift in Sources */,
				04CF3D4B27F0896300685553 /* AsteroidEntity.swift in Sources */,
				04CF3D4D27F0896300685553 /* PictureOfDayEntity.swift in Sources */,
				04B2C17327FEC80F00F0C617 /* SavedPostsFlowCoordinator.swift in Sources */,
				04B2C18B27FED5D900F0C617 /* SavedPostsInteractor.swift in Sources */,
				040C725A27E73B09008A268A /* LocalFilesService.swift in Sources */,
				04CF3D3927F0896300685553 /* SearchResultCollectionLinkEntity.swift in Sources */,
				04CF3D4F27F0896300685553 /* SearchResultItemLinkEntity.swift in Sources */,
				CF1CB18827F1A9E6003FF24E /* ArticleDetailViewController.swift in Sources */,
				CF1CB18C27F2E0FA003FF24E /* ArticleFetchController.swift in Sources */,
				CF1CB18627EF5380003FF24E /* FeedViewController.swift in Sources */,
				CF1CB17F27EF3642003FF24E /* ArticleTableViewCell.swift in Sources */,
				CF1CB18327EF3660003FF24E /* WeatherOnMarsTableViewCell.swift in Sources */,
				CF1CB18A27F1DEED003FF24E /* Post.swift in Sources */,
				CFEEA53227D5227300E05249 /* PictureFromMars.swift in Sources */,
				CFEEA53627D52C7900E05249 /* Article.swift in Sources */,
				04CF3D3F27F0896300685553 /* SearchResultItemEntity.swift in Sources */,
				04CF3D3B27F0896300685553 /* SearchResultEntity.swift in Sources */,
				04CF3D6127F1FE7A00685553 /* DatumEntity.swift in Sources */,
				04CF3D3327F0896300685553 /* PictureOfEarthEntity.swift in Sources */,
			);
			runOnlyForDeploymentPostprocessing = 0;
		};
/* End PBXSourcesBuildPhase section */

/* Begin PBXTargetDependency section */
		046EBE142800840800677839 /* PBXTargetDependency */ = {
			isa = PBXTargetDependency;
			target = CF2F321827CD37BB0043A12B /* Mobile-Observatory */;
			targetProxy = 046EBE132800840800677839 /* PBXContainerItemProxy */;
		};
/* End PBXTargetDependency section */

/* Begin PBXVariantGroup section */
		CF2F322227CD37BB0043A12B /* Main.storyboard */ = {
			isa = PBXVariantGroup;
			children = (
				CF2F322327CD37BB0043A12B /* Base */,
			);
			name = Main.storyboard;
			sourceTree = "<group>";
		};
		CF2F322A27CD37BD0043A12B /* LaunchScreen.storyboard */ = {
			isa = PBXVariantGroup;
			children = (
				CF2F322B27CD37BD0043A12B /* Base */,
			);
			name = LaunchScreen.storyboard;
			sourceTree = "<group>";
		};
/* End PBXVariantGroup section */

/* Begin XCBuildConfiguration section */
		046EBE162800840800677839 /* Debug */ = {
			isa = XCBuildConfiguration;
			buildSettings = {
				BUNDLE_LOADER = "$(TEST_HOST)";
				CODE_SIGN_STYLE = Automatic;
				CURRENT_PROJECT_VERSION = 1;
				DEVELOPMENT_TEAM = 7944299YL2;
				GENERATE_INFOPLIST_FILE = YES;
				IPHONEOS_DEPLOYMENT_TARGET = 15.0;
				LD_RUNPATH_SEARCH_PATHS = (
					"$(inherited)",
					"@executable_path/Frameworks",
					"@loader_path/Frameworks",
				);
				MARKETING_VERSION = 1.0;
				PRODUCT_BUNDLE_IDENTIFIER = "com.vigvamcev-media.Mobile-ObservatoryTests";
				PRODUCT_NAME = "$(TARGET_NAME)";
				SWIFT_EMIT_LOC_STRINGS = NO;
				SWIFT_VERSION = 5.0;
				TARGETED_DEVICE_FAMILY = "1,2";
				TEST_HOST = "$(BUILT_PRODUCTS_DIR)/Mobile-Observatory.app/Mobile-Observatory";
			};
			name = Debug;
		};
		046EBE172800840800677839 /* Release */ = {
			isa = XCBuildConfiguration;
			buildSettings = {
				BUNDLE_LOADER = "$(TEST_HOST)";
				CODE_SIGN_STYLE = Automatic;
				CURRENT_PROJECT_VERSION = 1;
				DEVELOPMENT_TEAM = 7944299YL2;
				GENERATE_INFOPLIST_FILE = YES;
				IPHONEOS_DEPLOYMENT_TARGET = 15.0;
				LD_RUNPATH_SEARCH_PATHS = (
					"$(inherited)",
					"@executable_path/Frameworks",
					"@loader_path/Frameworks",
				);
				MARKETING_VERSION = 1.0;
				PRODUCT_BUNDLE_IDENTIFIER = "com.vigvamcev-media.Mobile-ObservatoryTests";
				PRODUCT_NAME = "$(TARGET_NAME)";
				SWIFT_EMIT_LOC_STRINGS = NO;
				SWIFT_VERSION = 5.0;
				TARGETED_DEVICE_FAMILY = "1,2";
				TEST_HOST = "$(BUILT_PRODUCTS_DIR)/Mobile-Observatory.app/Mobile-Observatory";
			};
			name = Release;
		};
		CF2F322E27CD37BD0043A12B /* Debug */ = {
			isa = XCBuildConfiguration;
			buildSettings = {
				ALWAYS_SEARCH_USER_PATHS = NO;
				CLANG_ANALYZER_NONNULL = YES;
				CLANG_ANALYZER_NUMBER_OBJECT_CONVERSION = YES_AGGRESSIVE;
				CLANG_CXX_LANGUAGE_STANDARD = "gnu++17";
				CLANG_CXX_LIBRARY = "libc++";
				CLANG_ENABLE_MODULES = YES;
				CLANG_ENABLE_OBJC_ARC = YES;
				CLANG_ENABLE_OBJC_WEAK = YES;
				CLANG_WARN_BLOCK_CAPTURE_AUTORELEASING = YES;
				CLANG_WARN_BOOL_CONVERSION = YES;
				CLANG_WARN_COMMA = YES;
				CLANG_WARN_CONSTANT_CONVERSION = YES;
				CLANG_WARN_DEPRECATED_OBJC_IMPLEMENTATIONS = YES;
				CLANG_WARN_DIRECT_OBJC_ISA_USAGE = YES_ERROR;
				CLANG_WARN_DOCUMENTATION_COMMENTS = YES;
				CLANG_WARN_EMPTY_BODY = YES;
				CLANG_WARN_ENUM_CONVERSION = YES;
				CLANG_WARN_INFINITE_RECURSION = YES;
				CLANG_WARN_INT_CONVERSION = YES;
				CLANG_WARN_NON_LITERAL_NULL_CONVERSION = YES;
				CLANG_WARN_OBJC_IMPLICIT_RETAIN_SELF = YES;
				CLANG_WARN_OBJC_LITERAL_CONVERSION = YES;
				CLANG_WARN_OBJC_ROOT_CLASS = YES_ERROR;
				CLANG_WARN_QUOTED_INCLUDE_IN_FRAMEWORK_HEADER = YES;
				CLANG_WARN_RANGE_LOOP_ANALYSIS = YES;
				CLANG_WARN_STRICT_PROTOTYPES = YES;
				CLANG_WARN_SUSPICIOUS_MOVE = YES;
				CLANG_WARN_UNGUARDED_AVAILABILITY = YES_AGGRESSIVE;
				CLANG_WARN_UNREACHABLE_CODE = YES;
				CLANG_WARN__DUPLICATE_METHOD_MATCH = YES;
				COPY_PHASE_STRIP = NO;
				DEBUG_INFORMATION_FORMAT = dwarf;
				ENABLE_STRICT_OBJC_MSGSEND = YES;
				ENABLE_TESTABILITY = YES;
				GCC_C_LANGUAGE_STANDARD = gnu11;
				GCC_DYNAMIC_NO_PIC = NO;
				GCC_NO_COMMON_BLOCKS = YES;
				GCC_OPTIMIZATION_LEVEL = 0;
				GCC_PREPROCESSOR_DEFINITIONS = (
					"DEBUG=1",
					"$(inherited)",
				);
				GCC_WARN_64_TO_32_BIT_CONVERSION = YES;
				GCC_WARN_ABOUT_RETURN_TYPE = YES_ERROR;
				GCC_WARN_UNDECLARED_SELECTOR = YES;
				GCC_WARN_UNINITIALIZED_AUTOS = YES_AGGRESSIVE;
				GCC_WARN_UNUSED_FUNCTION = YES;
				GCC_WARN_UNUSED_VARIABLE = YES;
				IPHONEOS_DEPLOYMENT_TARGET = 15.2;
				MTL_ENABLE_DEBUG_INFO = INCLUDE_SOURCE;
				MTL_FAST_MATH = YES;
				ONLY_ACTIVE_ARCH = YES;
				SDKROOT = iphoneos;
				SWIFT_ACTIVE_COMPILATION_CONDITIONS = DEBUG;
				SWIFT_OPTIMIZATION_LEVEL = "-Onone";
			};
			name = Debug;
		};
		CF2F322F27CD37BD0043A12B /* Release */ = {
			isa = XCBuildConfiguration;
			buildSettings = {
				ALWAYS_SEARCH_USER_PATHS = NO;
				CLANG_ANALYZER_NONNULL = YES;
				CLANG_ANALYZER_NUMBER_OBJECT_CONVERSION = YES_AGGRESSIVE;
				CLANG_CXX_LANGUAGE_STANDARD = "gnu++17";
				CLANG_CXX_LIBRARY = "libc++";
				CLANG_ENABLE_MODULES = YES;
				CLANG_ENABLE_OBJC_ARC = YES;
				CLANG_ENABLE_OBJC_WEAK = YES;
				CLANG_WARN_BLOCK_CAPTURE_AUTORELEASING = YES;
				CLANG_WARN_BOOL_CONVERSION = YES;
				CLANG_WARN_COMMA = YES;
				CLANG_WARN_CONSTANT_CONVERSION = YES;
				CLANG_WARN_DEPRECATED_OBJC_IMPLEMENTATIONS = YES;
				CLANG_WARN_DIRECT_OBJC_ISA_USAGE = YES_ERROR;
				CLANG_WARN_DOCUMENTATION_COMMENTS = YES;
				CLANG_WARN_EMPTY_BODY = YES;
				CLANG_WARN_ENUM_CONVERSION = YES;
				CLANG_WARN_INFINITE_RECURSION = YES;
				CLANG_WARN_INT_CONVERSION = YES;
				CLANG_WARN_NON_LITERAL_NULL_CONVERSION = YES;
				CLANG_WARN_OBJC_IMPLICIT_RETAIN_SELF = YES;
				CLANG_WARN_OBJC_LITERAL_CONVERSION = YES;
				CLANG_WARN_OBJC_ROOT_CLASS = YES_ERROR;
				CLANG_WARN_QUOTED_INCLUDE_IN_FRAMEWORK_HEADER = YES;
				CLANG_WARN_RANGE_LOOP_ANALYSIS = YES;
				CLANG_WARN_STRICT_PROTOTYPES = YES;
				CLANG_WARN_SUSPICIOUS_MOVE = YES;
				CLANG_WARN_UNGUARDED_AVAILABILITY = YES_AGGRESSIVE;
				CLANG_WARN_UNREACHABLE_CODE = YES;
				CLANG_WARN__DUPLICATE_METHOD_MATCH = YES;
				COPY_PHASE_STRIP = NO;
				DEBUG_INFORMATION_FORMAT = "dwarf-with-dsym";
				ENABLE_NS_ASSERTIONS = NO;
				ENABLE_STRICT_OBJC_MSGSEND = YES;
				GCC_C_LANGUAGE_STANDARD = gnu11;
				GCC_NO_COMMON_BLOCKS = YES;
				GCC_WARN_64_TO_32_BIT_CONVERSION = YES;
				GCC_WARN_ABOUT_RETURN_TYPE = YES_ERROR;
				GCC_WARN_UNDECLARED_SELECTOR = YES;
				GCC_WARN_UNINITIALIZED_AUTOS = YES_AGGRESSIVE;
				GCC_WARN_UNUSED_FUNCTION = YES;
				GCC_WARN_UNUSED_VARIABLE = YES;
				IPHONEOS_DEPLOYMENT_TARGET = 15.2;
				MTL_ENABLE_DEBUG_INFO = NO;
				MTL_FAST_MATH = YES;
				SDKROOT = iphoneos;
				SWIFT_COMPILATION_MODE = wholemodule;
				SWIFT_OPTIMIZATION_LEVEL = "-O";
				VALIDATE_PRODUCT = YES;
			};
			name = Release;
		};
		CF2F323127CD37BD0043A12B /* Debug */ = {
			isa = XCBuildConfiguration;
			baseConfigurationReference = FD9CFD336C23C209E7F57302 /* Pods-Mobile-Observatory.debug.xcconfig */;
			buildSettings = {
				ASSETCATALOG_COMPILER_APPICON_NAME = AppIcon;
				ASSETCATALOG_COMPILER_GLOBAL_ACCENT_COLOR_NAME = AccentColor;
				CODE_SIGN_STYLE = Automatic;
				CURRENT_PROJECT_VERSION = 1;
				DEVELOPMENT_TEAM = 5NAKQ28539;
				GENERATE_INFOPLIST_FILE = YES;
				INFOPLIST_FILE = "Mobile-Observatory/Info.plist";
				INFOPLIST_KEY_UIApplicationSupportsIndirectInputEvents = YES;
				INFOPLIST_KEY_UILaunchStoryboardName = LaunchScreen;
				INFOPLIST_KEY_UIMainStoryboardFile = Main;
				INFOPLIST_KEY_UISupportedInterfaceOrientations_iPad = "UIInterfaceOrientationPortrait UIInterfaceOrientationPortraitUpsideDown UIInterfaceOrientationLandscapeLeft UIInterfaceOrientationLandscapeRight";
				INFOPLIST_KEY_UISupportedInterfaceOrientations_iPhone = "UIInterfaceOrientationPortrait UIInterfaceOrientationLandscapeLeft UIInterfaceOrientationLandscapeRight";
				IPHONEOS_DEPLOYMENT_TARGET = 13.0;
				LD_RUNPATH_SEARCH_PATHS = (
					"$(inherited)",
					"@executable_path/Frameworks",
				);
				MARKETING_VERSION = 1.0;
				OTHER_LDFLAGS = (
					"-framework",
					"\"Alamofire\"",
					"-framework",
					"\"CFNetwork\"",
					"-framework",
					"\"Foundation\"",
					"-framework",
					"\"SnapKit\"",
					"-framework",
					"\"SwiftDate\"",
				);
				PRODUCT_BUNDLE_IDENTIFIER = "com.vigvamcev-media.Mobile-Observatory";
				PRODUCT_NAME = "$(TARGET_NAME)";
				SWIFT_EMIT_LOC_STRINGS = YES;
				SWIFT_VERSION = 5.0;
				TARGETED_DEVICE_FAMILY = 1;
			};
			name = Debug;
		};
		CF2F323227CD37BD0043A12B /* Release */ = {
			isa = XCBuildConfiguration;
			baseConfigurationReference = F4C77B71945E5966CC951116 /* Pods-Mobile-Observatory.release.xcconfig */;
			buildSettings = {
				ASSETCATALOG_COMPILER_APPICON_NAME = AppIcon;
				ASSETCATALOG_COMPILER_GLOBAL_ACCENT_COLOR_NAME = AccentColor;
				CODE_SIGN_STYLE = Automatic;
				CURRENT_PROJECT_VERSION = 1;
				DEVELOPMENT_TEAM = 5NAKQ28539;
				GENERATE_INFOPLIST_FILE = YES;
				INFOPLIST_FILE = "Mobile-Observatory/Info.plist";
				INFOPLIST_KEY_UIApplicationSupportsIndirectInputEvents = YES;
				INFOPLIST_KEY_UILaunchStoryboardName = LaunchScreen;
				INFOPLIST_KEY_UIMainStoryboardFile = Main;
				INFOPLIST_KEY_UISupportedInterfaceOrientations_iPad = "UIInterfaceOrientationPortrait UIInterfaceOrientationPortraitUpsideDown UIInterfaceOrientationLandscapeLeft UIInterfaceOrientationLandscapeRight";
				INFOPLIST_KEY_UISupportedInterfaceOrientations_iPhone = "UIInterfaceOrientationPortrait UIInterfaceOrientationLandscapeLeft UIInterfaceOrientationLandscapeRight";
				IPHONEOS_DEPLOYMENT_TARGET = 13.0;
				LD_RUNPATH_SEARCH_PATHS = (
					"$(inherited)",
					"@executable_path/Frameworks",
				);
				MARKETING_VERSION = 1.0;
				OTHER_LDFLAGS = (
					"-framework",
					"\"Alamofire\"",
					"-framework",
					"\"CFNetwork\"",
					"-framework",
					"\"Foundation\"",
					"-framework",
					"\"SnapKit\"",
					"-framework",
					"\"SwiftDate\"",
				);
				PRODUCT_BUNDLE_IDENTIFIER = "com.vigvamcev-media.Mobile-Observatory";
				PRODUCT_NAME = "$(TARGET_NAME)";
				SWIFT_EMIT_LOC_STRINGS = YES;
				SWIFT_VERSION = 5.0;
				TARGETED_DEVICE_FAMILY = 1;
			};
			name = Release;
		};
/* End XCBuildConfiguration section */

/* Begin XCConfigurationList section */
		046EBE152800840800677839 /* Build configuration list for PBXNativeTarget "Mobile-ObservatoryTests" */ = {
			isa = XCConfigurationList;
			buildConfigurations = (
				046EBE162800840800677839 /* Debug */,
				046EBE172800840800677839 /* Release */,
			);
			defaultConfigurationIsVisible = 0;
			defaultConfigurationName = Release;
		};
		CF2F321427CD37BB0043A12B /* Build configuration list for PBXProject "Mobile-Observatory" */ = {
			isa = XCConfigurationList;
			buildConfigurations = (
				CF2F322E27CD37BD0043A12B /* Debug */,
				CF2F322F27CD37BD0043A12B /* Release */,
			);
			defaultConfigurationIsVisible = 0;
			defaultConfigurationName = Release;
		};
		CF2F323027CD37BD0043A12B /* Build configuration list for PBXNativeTarget "Mobile-Observatory" */ = {
			isa = XCConfigurationList;
			buildConfigurations = (
				CF2F323127CD37BD0043A12B /* Debug */,
				CF2F323227CD37BD0043A12B /* Release */,
			);
			defaultConfigurationIsVisible = 0;
			defaultConfigurationName = Release;
		};
/* End XCConfigurationList section */

/* Begin XCVersionGroup section */
		CF2F322527CD37BB0043A12B /* Mobile_Observatory.xcdatamodeld */ = {
			isa = XCVersionGroup;
			children = (
				CF2F322627CD37BB0043A12B /* Mobile_Observatory.xcdatamodel */,
			);
			currentVersion = CF2F322627CD37BB0043A12B /* Mobile_Observatory.xcdatamodel */;
			path = Mobile_Observatory.xcdatamodeld;
			sourceTree = "<group>";
			versionGroupType = wrapper.xcdatamodel;
		};
/* End XCVersionGroup section */
	};
	rootObject = CF2F321127CD37BB0043A12B /* Project object */;
}
