// !$*UTF8*$!
{
	archiveVersion = 1;
	classes = {
	};
	objectVersion = 55;
	objects = {

/* Begin PBXBuildFile section */
		CF2F321D27CD37BB0043A12B /* AppDelegate.swift in Sources */ = {isa = PBXBuildFile; fileRef = CF2F321C27CD37BB0043A12B /* AppDelegate.swift */; };
		CF2F321F27CD37BB0043A12B /* SceneDelegate.swift in Sources */ = {isa = PBXBuildFile; fileRef = CF2F321E27CD37BB0043A12B /* SceneDelegate.swift */; };
		CF2F322127CD37BB0043A12B /* ViewController.swift in Sources */ = {isa = PBXBuildFile; fileRef = CF2F322027CD37BB0043A12B /* ViewController.swift */; };
		CF2F322427CD37BB0043A12B /* Main.storyboard in Resources */ = {isa = PBXBuildFile; fileRef = CF2F322227CD37BB0043A12B /* Main.storyboard */; };
		CF2F322727CD37BB0043A12B /* Mobile_Observatory.xcdatamodeld in Sources */ = {isa = PBXBuildFile; fileRef = CF2F322527CD37BB0043A12B /* Mobile_Observatory.xcdatamodeld */; };
		CF2F322927CD37BD0043A12B /* Assets.xcassets in Resources */ = {isa = PBXBuildFile; fileRef = CF2F322827CD37BD0043A12B /* Assets.xcassets */; };
		CF2F322C27CD37BD0043A12B /* LaunchScreen.storyboard in Resources */ = {isa = PBXBuildFile; fileRef = CF2F322A27CD37BD0043A12B /* LaunchScreen.storyboard */; };
		CF2F323427CD37DE0043A12B /* .gitignore in Resources */ = {isa = PBXBuildFile; fileRef = CF2F323327CD37DE0043A12B /* .gitignore */; };
		CF2F323927CD391B0043A12B /* WeatherOnMarsInfo.swift in Sources */ = {isa = PBXBuildFile; fileRef = CF2F323827CD391B0043A12B /* WeatherOnMarsInfo.swift */; };
		CF2F323B27CD39710043A12B /* PictureOfDay.swift in Sources */ = {isa = PBXBuildFile; fileRef = CF2F323A27CD39710043A12B /* PictureOfDay.swift */; };
		CF2F323D27CD39BC0043A12B /* User.swift in Sources */ = {isa = PBXBuildFile; fileRef = CF2F323C27CD39BC0043A12B /* User.swift */; };
		CF7EC6D727D533BF007197E6 /* NetworkService.swift in Sources */ = {isa = PBXBuildFile; fileRef = CF7EC6D627D533BF007197E6 /* NetworkService.swift */; };
		CFEEA52A27D512F400E05249 /* Asteroid.swift in Sources */ = {isa = PBXBuildFile; fileRef = CFEEA52927D512F400E05249 /* Asteroid.swift */; };
		CFEEA52E27D51A4000E05249 /* PictureOfEarth.swift in Sources */ = {isa = PBXBuildFile; fileRef = CFEEA52D27D51A4000E05249 /* PictureOfEarth.swift */; };
		CFEEA53027D51C1300E05249 /* Planet.swift in Sources */ = {isa = PBXBuildFile; fileRef = CFEEA52F27D51C1300E05249 /* Planet.swift */; };
		CFEEA53227D5227300E05249 /* PictureFromMars.swift in Sources */ = {isa = PBXBuildFile; fileRef = CFEEA53127D5227300E05249 /* PictureFromMars.swift */; };
		CFEEA53427D5284200E05249 /* SearchResult.swift in Sources */ = {isa = PBXBuildFile; fileRef = CFEEA53327D5284200E05249 /* SearchResult.swift */; };
		CFEEA53627D52C7900E05249 /* Article.swift in Sources */ = {isa = PBXBuildFile; fileRef = CFEEA53527D52C7900E05249 /* Article.swift */; };
		E0743D679ED3B9CCDF784BA7 /* Pods_Mobile_Observatory.framework in Frameworks */ = {isa = PBXBuildFile; fileRef = 8E6F013F1D4B64A2F1FAD54E /* Pods_Mobile_Observatory.framework */; };
/* End PBXBuildFile section */

/* Begin PBXFileReference section */
		4D48BAEC088B6E4ACC5B849F /* Pods-Mobile-Observatory.debug.xcconfig */ = {isa = PBXFileReference; includeInIndex = 1; lastKnownFileType = text.xcconfig; name = "Pods-Mobile-Observatory.debug.xcconfig"; path = "Target Support Files/Pods-Mobile-Observatory/Pods-Mobile-Observatory.debug.xcconfig"; sourceTree = "<group>"; };
		65FA936531B6B0CB6012FA16 /* Pods-Mobile-Observatory.release.xcconfig */ = {isa = PBXFileReference; includeInIndex = 1; lastKnownFileType = text.xcconfig; name = "Pods-Mobile-Observatory.release.xcconfig"; path = "Target Support Files/Pods-Mobile-Observatory/Pods-Mobile-Observatory.release.xcconfig"; sourceTree = "<group>"; };
		8E6F013F1D4B64A2F1FAD54E /* Pods_Mobile_Observatory.framework */ = {isa = PBXFileReference; explicitFileType = wrapper.framework; includeInIndex = 0; path = Pods_Mobile_Observatory.framework; sourceTree = BUILT_PRODUCTS_DIR; };
		CF2F321927CD37BB0043A12B /* Mobile-Observatory.app */ = {isa = PBXFileReference; explicitFileType = wrapper.application; includeInIndex = 0; path = "Mobile-Observatory.app"; sourceTree = BUILT_PRODUCTS_DIR; };
		CF2F321C27CD37BB0043A12B /* AppDelegate.swift */ = {isa = PBXFileReference; lastKnownFileType = sourcecode.swift; path = AppDelegate.swift; sourceTree = "<group>"; };
		CF2F321E27CD37BB0043A12B /* SceneDelegate.swift */ = {isa = PBXFileReference; lastKnownFileType = sourcecode.swift; path = SceneDelegate.swift; sourceTree = "<group>"; };
		CF2F322027CD37BB0043A12B /* ViewController.swift */ = {isa = PBXFileReference; lastKnownFileType = sourcecode.swift; path = ViewController.swift; sourceTree = "<group>"; };
		CF2F322327CD37BB0043A12B /* Base */ = {isa = PBXFileReference; lastKnownFileType = file.storyboard; name = Base; path = Base.lproj/Main.storyboard; sourceTree = "<group>"; };
		CF2F322627CD37BB0043A12B /* Mobile_Observatory.xcdatamodel */ = {isa = PBXFileReference; lastKnownFileType = wrapper.xcdatamodel; path = Mobile_Observatory.xcdatamodel; sourceTree = "<group>"; };
		CF2F322827CD37BD0043A12B /* Assets.xcassets */ = {isa = PBXFileReference; lastKnownFileType = folder.assetcatalog; path = Assets.xcassets; sourceTree = "<group>"; };
		CF2F322B27CD37BD0043A12B /* Base */ = {isa = PBXFileReference; lastKnownFileType = file.storyboard; name = Base; path = Base.lproj/LaunchScreen.storyboard; sourceTree = "<group>"; };
		CF2F322D27CD37BD0043A12B /* Info.plist */ = {isa = PBXFileReference; lastKnownFileType = text.plist.xml; path = Info.plist; sourceTree = "<group>"; };
		CF2F323327CD37DE0043A12B /* .gitignore */ = {isa = PBXFileReference; lastKnownFileType = text; path = .gitignore; sourceTree = "<group>"; };
		CF2F323827CD391B0043A12B /* WeatherOnMarsInfo.swift */ = {isa = PBXFileReference; lastKnownFileType = sourcecode.swift; path = WeatherOnMarsInfo.swift; sourceTree = "<group>"; };
		CF2F323A27CD39710043A12B /* PictureOfDay.swift */ = {isa = PBXFileReference; lastKnownFileType = sourcecode.swift; path = PictureOfDay.swift; sourceTree = "<group>"; };
		CF2F323C27CD39BC0043A12B /* User.swift */ = {isa = PBXFileReference; lastKnownFileType = sourcecode.swift; path = User.swift; sourceTree = "<group>"; };
		CF7EC6D627D533BF007197E6 /* NetworkService.swift */ = {isa = PBXFileReference; lastKnownFileType = sourcecode.swift; path = NetworkService.swift; sourceTree = "<group>"; };
		CFEEA52927D512F400E05249 /* Asteroid.swift */ = {isa = PBXFileReference; lastKnownFileType = sourcecode.swift; path = Asteroid.swift; sourceTree = "<group>"; };
		CFEEA52D27D51A4000E05249 /* PictureOfEarth.swift */ = {isa = PBXFileReference; lastKnownFileType = sourcecode.swift; path = PictureOfEarth.swift; sourceTree = "<group>"; };
		CFEEA52F27D51C1300E05249 /* Planet.swift */ = {isa = PBXFileReference; lastKnownFileType = sourcecode.swift; path = Planet.swift; sourceTree = "<group>"; };
		CFEEA53127D5227300E05249 /* PictureFromMars.swift */ = {isa = PBXFileReference; lastKnownFileType = sourcecode.swift; path = PictureFromMars.swift; sourceTree = "<group>"; };
		CFEEA53327D5284200E05249 /* SearchResult.swift */ = {isa = PBXFileReference; lastKnownFileType = sourcecode.swift; path = SearchResult.swift; sourceTree = "<group>"; };
		CFEEA53527D52C7900E05249 /* Article.swift */ = {isa = PBXFileReference; lastKnownFileType = sourcecode.swift; path = Article.swift; sourceTree = "<group>"; };
/* End PBXFileReference section */

/* Begin PBXFrameworksBuildPhase section */
		CF2F321627CD37BB0043A12B /* Frameworks */ = {
			isa = PBXFrameworksBuildPhase;
			buildActionMask = 2147483647;
			files = (
				E0743D679ED3B9CCDF784BA7 /* Pods_Mobile_Observatory.framework in Frameworks */,
			);
			runOnlyForDeploymentPostprocessing = 0;
		};
/* End PBXFrameworksBuildPhase section */

/* Begin PBXGroup section */
		A18BE7EA8F7860684BF03236 /* Pods */ = {
			isa = PBXGroup;
			children = (
				4D48BAEC088B6E4ACC5B849F /* Pods-Mobile-Observatory.debug.xcconfig */,
				65FA936531B6B0CB6012FA16 /* Pods-Mobile-Observatory.release.xcconfig */,
			);
			path = Pods;
			sourceTree = "<group>";
		};
		C2A3EDD549A83B67BDEBF8D7 /* Frameworks */ = {
			isa = PBXGroup;
			children = (
				8E6F013F1D4B64A2F1FAD54E /* Pods_Mobile_Observatory.framework */,
			);
			name = Frameworks;
			sourceTree = "<group>";
		};
		CF2F321027CD37BB0043A12B = {
			isa = PBXGroup;
			children = (
				CF2F323327CD37DE0043A12B /* .gitignore */,
				CF2F321B27CD37BB0043A12B /* Mobile-Observatory */,
				CF2F321A27CD37BB0043A12B /* Products */,
				A18BE7EA8F7860684BF03236 /* Pods */,
				C2A3EDD549A83B67BDEBF8D7 /* Frameworks */,
			);
			sourceTree = "<group>";
		};
		CF2F321A27CD37BB0043A12B /* Products */ = {
			isa = PBXGroup;
			children = (
				CF2F321927CD37BB0043A12B /* Mobile-Observatory.app */,
			);
			name = Products;
			sourceTree = "<group>";
		};
		CF2F321B27CD37BB0043A12B /* Mobile-Observatory */ = {
			isa = PBXGroup;
			children = (
				CF2F324027CD3A830043A12B /* Controllers */,
				CF2F323F27CD39DE0043A12B /* Services */,
				CF2F323527CD38A00043A12B /* Entities */,
				CF2F321C27CD37BB0043A12B /* AppDelegate.swift */,
				CF2F321E27CD37BB0043A12B /* SceneDelegate.swift */,
				CF2F322227CD37BB0043A12B /* Main.storyboard */,
				CF2F322827CD37BD0043A12B /* Assets.xcassets */,
				CF2F322A27CD37BD0043A12B /* LaunchScreen.storyboard */,
				CF2F322D27CD37BD0043A12B /* Info.plist */,
				CF2F322527CD37BB0043A12B /* Mobile_Observatory.xcdatamodeld */,
			);
			path = "Mobile-Observatory";
			sourceTree = "<group>";
		};
		CF2F323527CD38A00043A12B /* Entities */ = {
			isa = PBXGroup;
			children = (
				CF2F323E27CD39C30043A12B /* Feed */,
				CF2F323C27CD39BC0043A12B /* User.swift */,
			);
			path = Entities;
			sourceTree = "<group>";
		};
		CF2F323E27CD39C30043A12B /* Feed */ = {
			isa = PBXGroup;
			children = (
				CF2F323827CD391B0043A12B /* WeatherOnMarsInfo.swift */,
				CF2F323A27CD39710043A12B /* PictureOfDay.swift */,
				CFEEA52927D512F400E05249 /* Asteroid.swift */,
				CFEEA53127D5227300E05249 /* PictureFromMars.swift */,
				CFEEA52D27D51A4000E05249 /* PictureOfEarth.swift */,
				CFEEA52F27D51C1300E05249 /* Planet.swift */,
				CFEEA53327D5284200E05249 /* SearchResult.swift */,
				CFEEA53527D52C7900E05249 /* Article.swift */,
			);
			path = Feed;
			sourceTree = "<group>";
		};
		CF2F323F27CD39DE0043A12B /* Services */ = {
			isa = PBXGroup;
			children = (
				CF7EC6D627D533BF007197E6 /* NetworkService.swift */,
			);
			path = Services;
			sourceTree = "<group>";
		};
		CF2F324027CD3A830043A12B /* Controllers */ = {
			isa = PBXGroup;
			children = (
				CF2F322027CD37BB0043A12B /* ViewController.swift */,
			);
			path = Controllers;
			sourceTree = "<group>";
		};
/* End PBXGroup section */

/* Begin PBXNativeTarget section */
		CF2F321827CD37BB0043A12B /* Mobile-Observatory */ = {
			isa = PBXNativeTarget;
			buildConfigurationList = CF2F323027CD37BD0043A12B /* Build configuration list for PBXNativeTarget "Mobile-Observatory" */;
			buildPhases = (
				0BFB162EABF0AD0510A92F80 /* [CP] Check Pods Manifest.lock */,
				CF2F321527CD37BB0043A12B /* Sources */,
				CF2F321627CD37BB0043A12B /* Frameworks */,
				CF2F321727CD37BB0043A12B /* Resources */,
				A9A02EC8043707C9A46DADAA /* [CP] Embed Pods Frameworks */,
			);
			buildRules = (
			);
			dependencies = (
			);
			name = "Mobile-Observatory";
			productName = "Mobile-Observatory";
			productReference = CF2F321927CD37BB0043A12B /* Mobile-Observatory.app */;
			productType = "com.apple.product-type.application";
		};
/* End PBXNativeTarget section */

/* Begin PBXProject section */
		CF2F321127CD37BB0043A12B /* Project object */ = {
			isa = PBXProject;
			attributes = {
				BuildIndependentTargetsInParallel = 1;
				LastSwiftUpdateCheck = 1320;
				LastUpgradeCheck = 1320;
				TargetAttributes = {
					CF2F321827CD37BB0043A12B = {
						CreatedOnToolsVersion = 13.2.1;
					};
				};
			};
			buildConfigurationList = CF2F321427CD37BB0043A12B /* Build configuration list for PBXProject "Mobile-Observatory" */;
			compatibilityVersion = "Xcode 13.0";
			developmentRegion = en;
			hasScannedForEncodings = 0;
			knownRegions = (
				en,
				Base,
			);
			mainGroup = CF2F321027CD37BB0043A12B;
			productRefGroup = CF2F321A27CD37BB0043A12B /* Products */;
			projectDirPath = "";
			projectRoot = "";
			targets = (
				CF2F321827CD37BB0043A12B /* Mobile-Observatory */,
			);
		};
/* End PBXProject section */

/* Begin PBXResourcesBuildPhase section */
		CF2F321727CD37BB0043A12B /* Resources */ = {
			isa = PBXResourcesBuildPhase;
			buildActionMask = 2147483647;
			files = (
				CF2F323427CD37DE0043A12B /* .gitignore in Resources */,
				CF2F322C27CD37BD0043A12B /* LaunchScreen.storyboard in Resources */,
				CF2F322927CD37BD0043A12B /* Assets.xcassets in Resources */,
				CF2F322427CD37BB0043A12B /* Main.storyboard in Resources */,
			);
			runOnlyForDeploymentPostprocessing = 0;
		};
/* End PBXResourcesBuildPhase section */

/* Begin PBXShellScriptBuildPhase section */
		0BFB162EABF0AD0510A92F80 /* [CP] Check Pods Manifest.lock */ = {
			isa = PBXShellScriptBuildPhase;
			buildActionMask = 2147483647;
			files = (
			);
			inputFileListPaths = (
			);
			inputPaths = (
				"${PODS_PODFILE_DIR_PATH}/Podfile.lock",
				"${PODS_ROOT}/Manifest.lock",
			);
			name = "[CP] Check Pods Manifest.lock";
			outputFileListPaths = (
			);
			outputPaths = (
				"$(DERIVED_FILE_DIR)/Pods-Mobile-Observatory-checkManifestLockResult.txt",
			);
			runOnlyForDeploymentPostprocessing = 0;
			shellPath = /bin/sh;
			shellScript = "diff \"${PODS_PODFILE_DIR_PATH}/Podfile.lock\" \"${PODS_ROOT}/Manifest.lock\" > /dev/null\nif [ $? != 0 ] ; then\n    # print error to STDERR\n    echo \"error: The sandbox is not in sync with the Podfile.lock. Run 'pod install' or update your CocoaPods installation.\" >&2\n    exit 1\nfi\n# This output is used by Xcode 'outputs' to avoid re-running this script phase.\necho \"SUCCESS\" > \"${SCRIPT_OUTPUT_FILE_0}\"\n";
			showEnvVarsInLog = 0;
		};
		A9A02EC8043707C9A46DADAA /* [CP] Embed Pods Frameworks */ = {
			isa = PBXShellScriptBuildPhase;
			buildActionMask = 2147483647;
			files = (
			);
			inputFileListPaths = (
				"${PODS_ROOT}/Target Support Files/Pods-Mobile-Observatory/Pods-Mobile-Observatory-frameworks-${CONFIGURATION}-input-files.xcfilelist",
			);
			name = "[CP] Embed Pods Frameworks";
			outputFileListPaths = (
				"${PODS_ROOT}/Target Support Files/Pods-Mobile-Observatory/Pods-Mobile-Observatory-frameworks-${CONFIGURATION}-output-files.xcfilelist",
			);
			runOnlyForDeploymentPostprocessing = 0;
			shellPath = /bin/sh;
			shellScript = "\"${PODS_ROOT}/Target Support Files/Pods-Mobile-Observatory/Pods-Mobile-Observatory-frameworks.sh\"\n";
			showEnvVarsInLog = 0;
		};
/* End PBXShellScriptBuildPhase section */

/* Begin PBXSourcesBuildPhase section */
		CF2F321527CD37BB0043A12B /* Sources */ = {
			isa = PBXSourcesBuildPhase;
			buildActionMask = 2147483647;
			files = (
				CF2F322127CD37BB0043A12B /* ViewController.swift in Sources */,
				CF2F321D27CD37BB0043A12B /* AppDelegate.swift in Sources */,
				CFEEA53027D51C1300E05249 /* Planet.swift in Sources */,
				CF2F322727CD37BB0043A12B /* Mobile_Observatory.xcdatamodeld in Sources */,
				CF2F321F27CD37BB0043A12B /* SceneDelegate.swift in Sources */,
				CFEEA52A27D512F400E05249 /* Asteroid.swift in Sources */,
				CF2F323D27CD39BC0043A12B /* User.swift in Sources */,
				CFEEA53427D5284200E05249 /* SearchResult.swift in Sources */,
				CF2F323B27CD39710043A12B /* PictureOfDay.swift in Sources */,
				CF7EC6D727D533BF007197E6 /* NetworkService.swift in Sources */,
				CF2F323927CD391B0043A12B /* WeatherOnMarsInfo.swift in Sources */,
				CFEEA52E27D51A4000E05249 /* PictureOfEarth.swift in Sources */,
				CFEEA53227D5227300E05249 /* PictureFromMars.swift in Sources */,
				CFEEA53627D52C7900E05249 /* Article.swift in Sources */,
			);
			runOnlyForDeploymentPostprocessing = 0;
		};
/* End PBXSourcesBuildPhase section */

/* Begin PBXVariantGroup section */
		CF2F322227CD37BB0043A12B /* Main.storyboard */ = {
			isa = PBXVariantGroup;
			children = (
				CF2F322327CD37BB0043A12B /* Base */,
			);
			name = Main.storyboard;
			sourceTree = "<group>";
		};
		CF2F322A27CD37BD0043A12B /* LaunchScreen.storyboard */ = {
			isa = PBXVariantGroup;
			children = (
				CF2F322B27CD37BD0043A12B /* Base */,
			);
			name = LaunchScreen.storyboard;
			sourceTree = "<group>";
		};
/* End PBXVariantGroup section */

/* Begin XCBuildConfiguration section */
		CF2F322E27CD37BD0043A12B /* Debug */ = {
			isa = XCBuildConfiguration;
			buildSettings = {
				ALWAYS_SEARCH_USER_PATHS = NO;
				CLANG_ANALYZER_NONNULL = YES;
				CLANG_ANALYZER_NUMBER_OBJECT_CONVERSION = YES_AGGRESSIVE;
				CLANG_CXX_LANGUAGE_STANDARD = "gnu++17";
				CLANG_CXX_LIBRARY = "libc++";
				CLANG_ENABLE_MODULES = YES;
				CLANG_ENABLE_OBJC_ARC = YES;
				CLANG_ENABLE_OBJC_WEAK = YES;
				CLANG_WARN_BLOCK_CAPTURE_AUTORELEASING = YES;
				CLANG_WARN_BOOL_CONVERSION = YES;
				CLANG_WARN_COMMA = YES;
				CLANG_WARN_CONSTANT_CONVERSION = YES;
				CLANG_WARN_DEPRECATED_OBJC_IMPLEMENTATIONS = YES;
				CLANG_WARN_DIRECT_OBJC_ISA_USAGE = YES_ERROR;
				CLANG_WARN_DOCUMENTATION_COMMENTS = YES;
				CLANG_WARN_EMPTY_BODY = YES;
				CLANG_WARN_ENUM_CONVERSION = YES;
				CLANG_WARN_INFINITE_RECURSION = YES;
				CLANG_WARN_INT_CONVERSION = YES;
				CLANG_WARN_NON_LITERAL_NULL_CONVERSION = YES;
				CLANG_WARN_OBJC_IMPLICIT_RETAIN_SELF = YES;
				CLANG_WARN_OBJC_LITERAL_CONVERSION = YES;
				CLANG_WARN_OBJC_ROOT_CLASS = YES_ERROR;
				CLANG_WARN_QUOTED_INCLUDE_IN_FRAMEWORK_HEADER = YES;
				CLANG_WARN_RANGE_LOOP_ANALYSIS = YES;
				CLANG_WARN_STRICT_PROTOTYPES = YES;
				CLANG_WARN_SUSPICIOUS_MOVE = YES;
				CLANG_WARN_UNGUARDED_AVAILABILITY = YES_AGGRESSIVE;
				CLANG_WARN_UNREACHABLE_CODE = YES;
				CLANG_WARN__DUPLICATE_METHOD_MATCH = YES;
				COPY_PHASE_STRIP = NO;
				DEBUG_INFORMATION_FORMAT = dwarf;
				ENABLE_STRICT_OBJC_MSGSEND = YES;
				ENABLE_TESTABILITY = YES;
				GCC_C_LANGUAGE_STANDARD = gnu11;
				GCC_DYNAMIC_NO_PIC = NO;
				GCC_NO_COMMON_BLOCKS = YES;
				GCC_OPTIMIZATION_LEVEL = 0;
				GCC_PREPROCESSOR_DEFINITIONS = (
					"DEBUG=1",
					"$(inherited)",
				);
				GCC_WARN_64_TO_32_BIT_CONVERSION = YES;
				GCC_WARN_ABOUT_RETURN_TYPE = YES_ERROR;
				GCC_WARN_UNDECLARED_SELECTOR = YES;
				GCC_WARN_UNINITIALIZED_AUTOS = YES_AGGRESSIVE;
				GCC_WARN_UNUSED_FUNCTION = YES;
				GCC_WARN_UNUSED_VARIABLE = YES;
				IPHONEOS_DEPLOYMENT_TARGET = 15.2;
				MTL_ENABLE_DEBUG_INFO = INCLUDE_SOURCE;
				MTL_FAST_MATH = YES;
				ONLY_ACTIVE_ARCH = YES;
				SDKROOT = iphoneos;
				SWIFT_ACTIVE_COMPILATION_CONDITIONS = DEBUG;
				SWIFT_OPTIMIZATION_LEVEL = "-Onone";
			};
			name = Debug;
		};
		CF2F322F27CD37BD0043A12B /* Release */ = {
			isa = XCBuildConfiguration;
			buildSettings = {
				ALWAYS_SEARCH_USER_PATHS = NO;
				CLANG_ANALYZER_NONNULL = YES;
				CLANG_ANALYZER_NUMBER_OBJECT_CONVERSION = YES_AGGRESSIVE;
				CLANG_CXX_LANGUAGE_STANDARD = "gnu++17";
				CLANG_CXX_LIBRARY = "libc++";
				CLANG_ENABLE_MODULES = YES;
				CLANG_ENABLE_OBJC_ARC = YES;
				CLANG_ENABLE_OBJC_WEAK = YES;
				CLANG_WARN_BLOCK_CAPTURE_AUTORELEASING = YES;
				CLANG_WARN_BOOL_CONVERSION = YES;
				CLANG_WARN_COMMA = YES;
				CLANG_WARN_CONSTANT_CONVERSION = YES;
				CLANG_WARN_DEPRECATED_OBJC_IMPLEMENTATIONS = YES;
				CLANG_WARN_DIRECT_OBJC_ISA_USAGE = YES_ERROR;
				CLANG_WARN_DOCUMENTATION_COMMENTS = YES;
				CLANG_WARN_EMPTY_BODY = YES;
				CLANG_WARN_ENUM_CONVERSION = YES;
				CLANG_WARN_INFINITE_RECURSION = YES;
				CLANG_WARN_INT_CONVERSION = YES;
				CLANG_WARN_NON_LITERAL_NULL_CONVERSION = YES;
				CLANG_WARN_OBJC_IMPLICIT_RETAIN_SELF = YES;
				CLANG_WARN_OBJC_LITERAL_CONVERSION = YES;
				CLANG_WARN_OBJC_ROOT_CLASS = YES_ERROR;
				CLANG_WARN_QUOTED_INCLUDE_IN_FRAMEWORK_HEADER = YES;
				CLANG_WARN_RANGE_LOOP_ANALYSIS = YES;
				CLANG_WARN_STRICT_PROTOTYPES = YES;
				CLANG_WARN_SUSPICIOUS_MOVE = YES;
				CLANG_WARN_UNGUARDED_AVAILABILITY = YES_AGGRESSIVE;
				CLANG_WARN_UNREACHABLE_CODE = YES;
				CLANG_WARN__DUPLICATE_METHOD_MATCH = YES;
				COPY_PHASE_STRIP = NO;
				DEBUG_INFORMATION_FORMAT = "dwarf-with-dsym";
				ENABLE_NS_ASSERTIONS = NO;
				ENABLE_STRICT_OBJC_MSGSEND = YES;
				GCC_C_LANGUAGE_STANDARD = gnu11;
				GCC_NO_COMMON_BLOCKS = YES;
				GCC_WARN_64_TO_32_BIT_CONVERSION = YES;
				GCC_WARN_ABOUT_RETURN_TYPE = YES_ERROR;
				GCC_WARN_UNDECLARED_SELECTOR = YES;
				GCC_WARN_UNINITIALIZED_AUTOS = YES_AGGRESSIVE;
				GCC_WARN_UNUSED_FUNCTION = YES;
				GCC_WARN_UNUSED_VARIABLE = YES;
				IPHONEOS_DEPLOYMENT_TARGET = 15.2;
				MTL_ENABLE_DEBUG_INFO = NO;
				MTL_FAST_MATH = YES;
				SDKROOT = iphoneos;
				SWIFT_COMPILATION_MODE = wholemodule;
				SWIFT_OPTIMIZATION_LEVEL = "-O";
				VALIDATE_PRODUCT = YES;
			};
			name = Release;
		};
		CF2F323127CD37BD0043A12B /* Debug */ = {
			isa = XCBuildConfiguration;
			baseConfigurationReference = 4D48BAEC088B6E4ACC5B849F /* Pods-Mobile-Observatory.debug.xcconfig */;
			buildSettings = {
				ASSETCATALOG_COMPILER_APPICON_NAME = AppIcon;
				ASSETCATALOG_COMPILER_GLOBAL_ACCENT_COLOR_NAME = AccentColor;
				CODE_SIGN_STYLE = Automatic;
				CURRENT_PROJECT_VERSION = 1;
				DEVELOPMENT_TEAM = 5NAKQ28539;
				GENERATE_INFOPLIST_FILE = YES;
				INFOPLIST_FILE = "Mobile-Observatory/Info.plist";
				INFOPLIST_KEY_UIApplicationSupportsIndirectInputEvents = YES;
				INFOPLIST_KEY_UILaunchStoryboardName = LaunchScreen;
				INFOPLIST_KEY_UIMainStoryboardFile = Main;
				INFOPLIST_KEY_UISupportedInterfaceOrientations_iPad = "UIInterfaceOrientationPortrait UIInterfaceOrientationPortraitUpsideDown UIInterfaceOrientationLandscapeLeft UIInterfaceOrientationLandscapeRight";
				INFOPLIST_KEY_UISupportedInterfaceOrientations_iPhone = "UIInterfaceOrientationPortrait UIInterfaceOrientationLandscapeLeft UIInterfaceOrientationLandscapeRight";
				IPHONEOS_DEPLOYMENT_TARGET = 13.0;
				LD_RUNPATH_SEARCH_PATHS = (
					"$(inherited)",
					"@executable_path/Frameworks",
				);
				MARKETING_VERSION = 1.0;
				PRODUCT_BUNDLE_IDENTIFIER = "com.vigvamcev-media.Mobile-Observatory";
				PRODUCT_NAME = "$(TARGET_NAME)";
				SWIFT_EMIT_LOC_STRINGS = YES;
				SWIFT_VERSION = 5.0;
				TARGETED_DEVICE_FAMILY = 1;
			};
			name = Debug;
		};
		CF2F323227CD37BD0043A12B /* Release */ = {
			isa = XCBuildConfiguration;
			baseConfigurationReference = 65FA936531B6B0CB6012FA16 /* Pods-Mobile-Observatory.release.xcconfig */;
			buildSettings = {
				ASSETCATALOG_COMPILER_APPICON_NAME = AppIcon;
				ASSETCATALOG_COMPILER_GLOBAL_ACCENT_COLOR_NAME = AccentColor;
				CODE_SIGN_STYLE = Automatic;
				CURRENT_PROJECT_VERSION = 1;
				DEVELOPMENT_TEAM = 5NAKQ28539;
				GENERATE_INFOPLIST_FILE = YES;
				INFOPLIST_FILE = "Mobile-Observatory/Info.plist";
				INFOPLIST_KEY_UIApplicationSupportsIndirectInputEvents = YES;
				INFOPLIST_KEY_UILaunchStoryboardName = LaunchScreen;
				INFOPLIST_KEY_UIMainStoryboardFile = Main;
				INFOPLIST_KEY_UISupportedInterfaceOrientations_iPad = "UIInterfaceOrientationPortrait UIInterfaceOrientationPortraitUpsideDown UIInterfaceOrientationLandscapeLeft UIInterfaceOrientationLandscapeRight";
				INFOPLIST_KEY_UISupportedInterfaceOrientations_iPhone = "UIInterfaceOrientationPortrait UIInterfaceOrientationLandscapeLeft UIInterfaceOrientationLandscapeRight";
				IPHONEOS_DEPLOYMENT_TARGET = 13.0;
				LD_RUNPATH_SEARCH_PATHS = (
					"$(inherited)",
					"@executable_path/Frameworks",
				);
				MARKETING_VERSION = 1.0;
				PRODUCT_BUNDLE_IDENTIFIER = "com.vigvamcev-media.Mobile-Observatory";
				PRODUCT_NAME = "$(TARGET_NAME)";
				SWIFT_EMIT_LOC_STRINGS = YES;
				SWIFT_VERSION = 5.0;
				TARGETED_DEVICE_FAMILY = 1;
			};
			name = Release;
		};
/* End XCBuildConfiguration section */

/* Begin XCConfigurationList section */
		CF2F321427CD37BB0043A12B /* Build configuration list for PBXProject "Mobile-Observatory" */ = {
			isa = XCConfigurationList;
			buildConfigurations = (
				CF2F322E27CD37BD0043A12B /* Debug */,
				CF2F322F27CD37BD0043A12B /* Release */,
			);
			defaultConfigurationIsVisible = 0;
			defaultConfigurationName = Release;
		};
		CF2F323027CD37BD0043A12B /* Build configuration list for PBXNativeTarget "Mobile-Observatory" */ = {
			isa = XCConfigurationList;
			buildConfigurations = (
				CF2F323127CD37BD0043A12B /* Debug */,
				CF2F323227CD37BD0043A12B /* Release */,
			);
			defaultConfigurationIsVisible = 0;
			defaultConfigurationName = Release;
		};
/* End XCConfigurationList section */

/* Begin XCVersionGroup section */
		CF2F322527CD37BB0043A12B /* Mobile_Observatory.xcdatamodeld */ = {
			isa = XCVersionGroup;
			children = (
				CF2F322627CD37BB0043A12B /* Mobile_Observatory.xcdatamodel */,
			);
			currentVersion = CF2F322627CD37BB0043A12B /* Mobile_Observatory.xcdatamodel */;
			path = Mobile_Observatory.xcdatamodeld;
			sourceTree = "<group>";
			versionGroupType = wrapper.xcdatamodel;
		};
/* End XCVersionGroup section */
	};
	rootObject = CF2F321127CD37BB0043A12B /* Project object */;
}
